// !$*UTF8*$!
{
	archiveVersion = 1;
	classes = {
	};
	objectVersion = 50;
	objects = {

/* Begin PBXBuildFile section */
		30A0668C891003DF59D2BECC /* libPods-Ubcoin.a in Frameworks */ = {isa = PBXBuildFile; fileRef = 82DD3B2DB73F06ACB93DC3B9 /* libPods-Ubcoin.a */; };
		899E217C20E68D8A004D891B /* AppDelegate.m in Sources */ = {isa = PBXBuildFile; fileRef = 899E217B20E68D8A004D891B /* AppDelegate.m */; };
		899E217F20E68D8A004D891B /* ViewController.m in Sources */ = {isa = PBXBuildFile; fileRef = 899E217E20E68D8A004D891B /* ViewController.m */; };
		899E218220E68D8A004D891B /* Main.storyboard in Resources */ = {isa = PBXBuildFile; fileRef = 899E218020E68D8A004D891B /* Main.storyboard */; };
		899E218420E68D8C004D891B /* Assets.xcassets in Resources */ = {isa = PBXBuildFile; fileRef = 899E218320E68D8C004D891B /* Assets.xcassets */; };
		899E218720E68D8C004D891B /* LaunchScreen.storyboard in Resources */ = {isa = PBXBuildFile; fileRef = 899E218520E68D8C004D891B /* LaunchScreen.storyboard */; };
		899E218A20E68D8C004D891B /* main.m in Sources */ = {isa = PBXBuildFile; fileRef = 899E218920E68D8C004D891B /* main.m */; };
/* End PBXBuildFile section */

/* Begin PBXFileReference section */
		8133FFCED3512BADEB40D574 /* Pods-Ubcoin.release.xcconfig */ = {isa = PBXFileReference; includeInIndex = 1; lastKnownFileType = text.xcconfig; name = "Pods-Ubcoin.release.xcconfig"; path = "Pods/Target Support Files/Pods-Ubcoin/Pods-Ubcoin.release.xcconfig"; sourceTree = "<group>"; };
		82DD3B2DB73F06ACB93DC3B9 /* libPods-Ubcoin.a */ = {isa = PBXFileReference; explicitFileType = archive.ar; includeInIndex = 0; path = "libPods-Ubcoin.a"; sourceTree = BUILT_PRODUCTS_DIR; };
		899E217720E68D8A004D891B /* Ubcoin.app */ = {isa = PBXFileReference; explicitFileType = wrapper.application; includeInIndex = 0; path = Ubcoin.app; sourceTree = BUILT_PRODUCTS_DIR; };
		899E217A20E68D8A004D891B /* AppDelegate.h */ = {isa = PBXFileReference; lastKnownFileType = sourcecode.c.h; path = AppDelegate.h; sourceTree = "<group>"; };
		899E217B20E68D8A004D891B /* AppDelegate.m */ = {isa = PBXFileReference; lastKnownFileType = sourcecode.c.objc; path = AppDelegate.m; sourceTree = "<group>"; };
		899E217D20E68D8A004D891B /* ViewController.h */ = {isa = PBXFileReference; lastKnownFileType = sourcecode.c.h; path = ViewController.h; sourceTree = "<group>"; };
		899E217E20E68D8A004D891B /* ViewController.m */ = {isa = PBXFileReference; lastKnownFileType = sourcecode.c.objc; path = ViewController.m; sourceTree = "<group>"; };
		899E218120E68D8A004D891B /* Base */ = {isa = PBXFileReference; lastKnownFileType = file.storyboard; name = Base; path = Base.lproj/Main.storyboard; sourceTree = "<group>"; };
		899E218320E68D8C004D891B /* Assets.xcassets */ = {isa = PBXFileReference; lastKnownFileType = folder.assetcatalog; path = Assets.xcassets; sourceTree = "<group>"; };
		899E218620E68D8C004D891B /* Base */ = {isa = PBXFileReference; lastKnownFileType = file.storyboard; name = Base; path = Base.lproj/LaunchScreen.storyboard; sourceTree = "<group>"; };
		899E218820E68D8C004D891B /* Info.plist */ = {isa = PBXFileReference; lastKnownFileType = text.plist.xml; path = Info.plist; sourceTree = "<group>"; };
		899E218920E68D8C004D891B /* main.m */ = {isa = PBXFileReference; lastKnownFileType = sourcecode.c.objc; path = main.m; sourceTree = "<group>"; };
		8F66F2801638A68DF9CA576B /* Pods-Ubcoin.debug.xcconfig */ = {isa = PBXFileReference; includeInIndex = 1; lastKnownFileType = text.xcconfig; name = "Pods-Ubcoin.debug.xcconfig"; path = "Pods/Target Support Files/Pods-Ubcoin/Pods-Ubcoin.debug.xcconfig"; sourceTree = "<group>"; };
/* End PBXFileReference section */

/* Begin PBXFrameworksBuildPhase section */
		899E217420E68D8A004D891B /* Frameworks */ = {
			isa = PBXFrameworksBuildPhase;
			buildActionMask = 2147483647;
			files = (
				30A0668C891003DF59D2BECC /* libPods-Ubcoin.a in Frameworks */,
			);
			runOnlyForDeploymentPostprocessing = 0;
		};
/* End PBXFrameworksBuildPhase section */

/* Begin PBXGroup section */
		0217AC41E30A3A5536DCBE89 /* Frameworks */ = {
			isa = PBXGroup;
			children = (
				82DD3B2DB73F06ACB93DC3B9 /* libPods-Ubcoin.a */,
			);
			name = Frameworks;
			sourceTree = "<group>";
		};
		2CC015D4581DA6B90D45AD31 /* Pods */ = {
			isa = PBXGroup;
			children = (
				8F66F2801638A68DF9CA576B /* Pods-Ubcoin.debug.xcconfig */,
				8133FFCED3512BADEB40D574 /* Pods-Ubcoin.release.xcconfig */,
			);
			name = Pods;
			sourceTree = "<group>";
		};
		899E216E20E68D8A004D891B = {
			isa = PBXGroup;
			children = (
				899E217920E68D8A004D891B /* Ubcoin */,
				899E217820E68D8A004D891B /* Products */,
				2CC015D4581DA6B90D45AD31 /* Pods */,
				0217AC41E30A3A5536DCBE89 /* Frameworks */,
			);
			sourceTree = "<group>";
		};
		899E217820E68D8A004D891B /* Products */ = {
			isa = PBXGroup;
			children = (
				899E217720E68D8A004D891B /* Ubcoin.app */,
			);
			name = Products;
			sourceTree = "<group>";
		};
		899E217920E68D8A004D891B /* Ubcoin */ = {
			isa = PBXGroup;
			children = (
				899E217A20E68D8A004D891B /* AppDelegate.h */,
				899E217B20E68D8A004D891B /* AppDelegate.m */,
				899E217D20E68D8A004D891B /* ViewController.h */,
				899E217E20E68D8A004D891B /* ViewController.m */,
				899E218020E68D8A004D891B /* Main.storyboard */,
				899E218320E68D8C004D891B /* Assets.xcassets */,
				899E218520E68D8C004D891B /* LaunchScreen.storyboard */,
				899E218820E68D8C004D891B /* Info.plist */,
				899E218920E68D8C004D891B /* main.m */,
			);
			path = Ubcoin;
			sourceTree = "<group>";
		};
/* End PBXGroup section */

/* Begin PBXNativeTarget section */
		899E217620E68D8A004D891B /* Ubcoin */ = {
			isa = PBXNativeTarget;
			buildConfigurationList = 899E218D20E68D8C004D891B /* Build configuration list for PBXNativeTarget "Ubcoin" */;
			buildPhases = (
				F9136AB4A7CDD4439AB8F29C /* [CP] Check Pods Manifest.lock */,
				899E217320E68D8A004D891B /* Sources */,
				899E217420E68D8A004D891B /* Frameworks */,
				899E217520E68D8A004D891B /* Resources */,
			);
			buildRules = (
			);
			dependencies = (
			);
			name = Ubcoin;
			productName = Ubcoin;
			productReference = 899E217720E68D8A004D891B /* Ubcoin.app */;
			productType = "com.apple.product-type.application";
		};
/* End PBXNativeTarget section */

/* Begin PBXProject section */
		899E216F20E68D8A004D891B /* Project object */ = {
			isa = PBXProject;
			attributes = {
				CLASSPREFIX = UBC;
				LastUpgradeCheck = 0940;
				ORGANIZATIONNAME = UBANK;
				TargetAttributes = {
					899E217620E68D8A004D891B = {
						CreatedOnToolsVersion = 9.4;
					};
				};
			};
			buildConfigurationList = 899E217220E68D8A004D891B /* Build configuration list for PBXProject "Ubcoin" */;
			compatibilityVersion = "Xcode 9.3";
			developmentRegion = en;
			hasScannedForEncodings = 0;
			knownRegions = (
				en,
				Base,
			);
			mainGroup = 899E216E20E68D8A004D891B;
			productRefGroup = 899E217820E68D8A004D891B /* Products */;
			projectDirPath = "";
			projectRoot = "";
			targets = (
				899E217620E68D8A004D891B /* Ubcoin */,
			);
		};
/* End PBXProject section */

/* Begin PBXResourcesBuildPhase section */
		899E217520E68D8A004D891B /* Resources */ = {
			isa = PBXResourcesBuildPhase;
			buildActionMask = 2147483647;
			files = (
				899E218720E68D8C004D891B /* LaunchScreen.storyboard in Resources */,
				899E218420E68D8C004D891B /* Assets.xcassets in Resources */,
				899E218220E68D8A004D891B /* Main.storyboard in Resources */,
			);
			runOnlyForDeploymentPostprocessing = 0;
		};
/* End PBXResourcesBuildPhase section */

/* Begin PBXShellScriptBuildPhase section */
		F9136AB4A7CDD4439AB8F29C /* [CP] Check Pods Manifest.lock */ = {
			isa = PBXShellScriptBuildPhase;
			buildActionMask = 2147483647;
			files = (
			);
			inputPaths = (
				"${PODS_PODFILE_DIR_PATH}/Podfile.lock",
				"${PODS_ROOT}/Manifest.lock",
			);
			name = "[CP] Check Pods Manifest.lock";
			outputPaths = (
				"$(DERIVED_FILE_DIR)/Pods-Ubcoin-checkManifestLockResult.txt",
			);
			runOnlyForDeploymentPostprocessing = 0;
			shellPath = /bin/sh;
			shellScript = "diff \"${PODS_PODFILE_DIR_PATH}/Podfile.lock\" \"${PODS_ROOT}/Manifest.lock\" > /dev/null\nif [ $? != 0 ] ; then\n    # print error to STDERR\n    echo \"error: The sandbox is not in sync with the Podfile.lock. Run 'pod install' or update your CocoaPods installation.\" >&2\n    exit 1\nfi\n# This output is used by Xcode 'outputs' to avoid re-running this script phase.\necho \"SUCCESS\" > \"${SCRIPT_OUTPUT_FILE_0}\"\n";
			showEnvVarsInLog = 0;
		};
/* End PBXShellScriptBuildPhase section */

/* Begin PBXSourcesBuildPhase section */
		899E217320E68D8A004D891B /* Sources */ = {
			isa = PBXSourcesBuildPhase;
			buildActionMask = 2147483647;
			files = (
				899E217F20E68D8A004D891B /* ViewController.m in Sources */,
				899E218A20E68D8C004D891B /* main.m in Sources */,
				899E217C20E68D8A004D891B /* AppDelegate.m in Sources */,
			);
			runOnlyForDeploymentPostprocessing = 0;
		};
/* End PBXSourcesBuildPhase section */

/* Begin PBXVariantGroup section */
		899E218020E68D8A004D891B /* Main.storyboard */ = {
			isa = PBXVariantGroup;
			children = (
				899E218120E68D8A004D891B /* Base */,
			);
			name = Main.storyboard;
			sourceTree = "<group>";
		};
		899E218520E68D8C004D891B /* LaunchScreen.storyboard */ = {
			isa = PBXVariantGroup;
			children = (
				899E218620E68D8C004D891B /* Base */,
			);
			name = LaunchScreen.storyboard;
			sourceTree = "<group>";
		};
/* End PBXVariantGroup section */

/* Begin XCBuildConfiguration section */
		899E218B20E68D8C004D891B /* Debug */ = {
			isa = XCBuildConfiguration;
			buildSettings = {
				ALWAYS_SEARCH_USER_PATHS = NO;
				CLANG_ANALYZER_NONNULL = YES;
				CLANG_ANALYZER_NUMBER_OBJECT_CONVERSION = YES_AGGRESSIVE;
				CLANG_CXX_LANGUAGE_STANDARD = "gnu++14";
				CLANG_CXX_LIBRARY = "libc++";
				CLANG_ENABLE_MODULES = YES;
				CLANG_ENABLE_OBJC_ARC = YES;
				CLANG_ENABLE_OBJC_WEAK = YES;
				CLANG_WARN_BLOCK_CAPTURE_AUTORELEASING = YES;
				CLANG_WARN_BOOL_CONVERSION = YES;
				CLANG_WARN_COMMA = YES;
				CLANG_WARN_CONSTANT_CONVERSION = YES;
				CLANG_WARN_DEPRECATED_OBJC_IMPLEMENTATIONS = YES;
				CLANG_WARN_DIRECT_OBJC_ISA_USAGE = YES_ERROR;
				CLANG_WARN_DOCUMENTATION_COMMENTS = YES;
				CLANG_WARN_EMPTY_BODY = YES;
				CLANG_WARN_ENUM_CONVERSION = YES;
				CLANG_WARN_INFINITE_RECURSION = YES;
				CLANG_WARN_INT_CONVERSION = YES;
				CLANG_WARN_NON_LITERAL_NULL_CONVERSION = YES;
				CLANG_WARN_OBJC_IMPLICIT_RETAIN_SELF = YES;
				CLANG_WARN_OBJC_LITERAL_CONVERSION = YES;
				CLANG_WARN_OBJC_ROOT_CLASS = YES_ERROR;
				CLANG_WARN_RANGE_LOOP_ANALYSIS = YES;
				CLANG_WARN_STRICT_PROTOTYPES = YES;
				CLANG_WARN_SUSPICIOUS_MOVE = YES;
				CLANG_WARN_UNGUARDED_AVAILABILITY = YES_AGGRESSIVE;
				CLANG_WARN_UNREACHABLE_CODE = YES;
				CLANG_WARN__DUPLICATE_METHOD_MATCH = YES;
				CODE_SIGN_IDENTITY = "iPhone Developer";
				COPY_PHASE_STRIP = NO;
				DEBUG_INFORMATION_FORMAT = dwarf;
				ENABLE_STRICT_OBJC_MSGSEND = YES;
				ENABLE_TESTABILITY = YES;
				GCC_C_LANGUAGE_STANDARD = gnu11;
				GCC_DYNAMIC_NO_PIC = NO;
				GCC_NO_COMMON_BLOCKS = YES;
				GCC_OPTIMIZATION_LEVEL = 0;
				GCC_PREPROCESSOR_DEFINITIONS = (
					"DEBUG=1",
					"$(inherited)",
				);
				GCC_WARN_64_TO_32_BIT_CONVERSION = YES;
				GCC_WARN_ABOUT_RETURN_TYPE = YES_ERROR;
				GCC_WARN_UNDECLARED_SELECTOR = YES;
				GCC_WARN_UNINITIALIZED_AUTOS = YES_AGGRESSIVE;
				GCC_WARN_UNUSED_FUNCTION = YES;
				GCC_WARN_UNUSED_VARIABLE = YES;
				IPHONEOS_DEPLOYMENT_TARGET = 11.4;
				MTL_ENABLE_DEBUG_INFO = YES;
				ONLY_ACTIVE_ARCH = YES;
				SDKROOT = iphoneos;
			};
			name = Debug;
		};
		899E218C20E68D8C004D891B /* Release */ = {
			isa = XCBuildConfiguration;
			buildSettings = {
				ALWAYS_SEARCH_USER_PATHS = NO;
				CLANG_ANALYZER_NONNULL = YES;
				CLANG_ANALYZER_NUMBER_OBJECT_CONVERSION = YES_AGGRESSIVE;
				CLANG_CXX_LANGUAGE_STANDARD = "gnu++14";
				CLANG_CXX_LIBRARY = "libc++";
				CLANG_ENABLE_MODULES = YES;
				CLANG_ENABLE_OBJC_ARC = YES;
				CLANG_ENABLE_OBJC_WEAK = YES;
				CLANG_WARN_BLOCK_CAPTURE_AUTORELEASING = YES;
				CLANG_WARN_BOOL_CONVERSION = YES;
				CLANG_WARN_COMMA = YES;
				CLANG_WARN_CONSTANT_CONVERSION = YES;
				CLANG_WARN_DEPRECATED_OBJC_IMPLEMENTATIONS = YES;
				CLANG_WARN_DIRECT_OBJC_ISA_USAGE = YES_ERROR;
				CLANG_WARN_DOCUMENTATION_COMMENTS = YES;
				CLANG_WARN_EMPTY_BODY = YES;
				CLANG_WARN_ENUM_CONVERSION = YES;
				CLANG_WARN_INFINITE_RECURSION = YES;
				CLANG_WARN_INT_CONVERSION = YES;
				CLANG_WARN_NON_LITERAL_NULL_CONVERSION = YES;
				CLANG_WARN_OBJC_IMPLICIT_RETAIN_SELF = YES;
				CLANG_WARN_OBJC_LITERAL_CONVERSION = YES;
				CLANG_WARN_OBJC_ROOT_CLASS = YES_ERROR;
				CLANG_WARN_RANGE_LOOP_ANALYSIS = YES;
				CLANG_WARN_STRICT_PROTOTYPES = YES;
				CLANG_WARN_SUSPICIOUS_MOVE = YES;
				CLANG_WARN_UNGUARDED_AVAILABILITY = YES_AGGRESSIVE;
				CLANG_WARN_UNREACHABLE_CODE = YES;
				CLANG_WARN__DUPLICATE_METHOD_MATCH = YES;
				CODE_SIGN_IDENTITY = "iPhone Developer";
				COPY_PHASE_STRIP = NO;
				DEBUG_INFORMATION_FORMAT = "dwarf-with-dsym";
				ENABLE_NS_ASSERTIONS = NO;
				ENABLE_STRICT_OBJC_MSGSEND = YES;
				GCC_C_LANGUAGE_STANDARD = gnu11;
				GCC_NO_COMMON_BLOCKS = YES;
				GCC_WARN_64_TO_32_BIT_CONVERSION = YES;
				GCC_WARN_ABOUT_RETURN_TYPE = YES_ERROR;
				GCC_WARN_UNDECLARED_SELECTOR = YES;
				GCC_WARN_UNINITIALIZED_AUTOS = YES_AGGRESSIVE;
				GCC_WARN_UNUSED_FUNCTION = YES;
				GCC_WARN_UNUSED_VARIABLE = YES;
				IPHONEOS_DEPLOYMENT_TARGET = 11.4;
				MTL_ENABLE_DEBUG_INFO = NO;
				SDKROOT = iphoneos;
				VALIDATE_PRODUCT = YES;
			};
			name = Release;
		};
		899E218E20E68D8C004D891B /* Debug */ = {
			isa = XCBuildConfiguration;
			baseConfigurationReference = 8F66F2801638A68DF9CA576B /* Pods-Ubcoin.debug.xcconfig */;
			buildSettings = {
				ASSETCATALOG_COMPILER_APPICON_NAME = AppIcon;
				CODE_SIGN_STYLE = Automatic;
				DEVELOPMENT_TEAM = SWEX2R635A;
				INFOPLIST_FILE = Ubcoin/Info.plist;
				LD_RUNPATH_SEARCH_PATHS = "$(inherited) @executable_path/Frameworks";
				PRODUCT_BUNDLE_IDENTIFIER = com.ubcoin;
				PRODUCT_NAME = "$(TARGET_NAME)";
				TARGETED_DEVICE_FAMILY = "1,2";
			};
			name = Debug;
		};
		899E218F20E68D8C004D891B /* Release */ = {
			isa = XCBuildConfiguration;
			baseConfigurationReference = 8133FFCED3512BADEB40D574 /* Pods-Ubcoin.release.xcconfig */;
			buildSettings = {
				ASSETCATALOG_COMPILER_APPICON_NAME = AppIcon;
				CODE_SIGN_STYLE = Automatic;
				DEVELOPMENT_TEAM = SWEX2R635A;
				INFOPLIST_FILE = Ubcoin/Info.plist;
				LD_RUNPATH_SEARCH_PATHS = "$(inherited) @executable_path/Frameworks";
				PRODUCT_BUNDLE_IDENTIFIER = com.ubcoin;
				PRODUCT_NAME = "$(TARGET_NAME)";
				TARGETED_DEVICE_FAMILY = "1,2";
			};
			name = Release;
		};
/* End XCBuildConfiguration section */

/* Begin XCConfigurationList section */
		899E217220E68D8A004D891B /* Build configuration list for PBXProject "Ubcoin" */ = {
			isa = XCConfigurationList;
			buildConfigurations = (
				899E218B20E68D8C004D891B /* Debug */,
				899E218C20E68D8C004D891B /* Release */,
			);
			defaultConfigurationIsVisible = 0;
			defaultConfigurationName = Release;
		};
		899E218D20E68D8C004D891B /* Build configuration list for PBXNativeTarget "Ubcoin" */ = {
			isa = XCConfigurationList;
			buildConfigurations = (
				899E218E20E68D8C004D891B /* Debug */,
				899E218F20E68D8C004D891B /* Release */,
			);
			defaultConfigurationIsVisible = 0;
			defaultConfigurationName = Release;
		};
/* End XCConfigurationList section */
	};
	rootObject = 899E216F20E68D8A004D891B /* Project object */;
}
