// !$*UTF8*$!
{
	archiveVersion = 1;
	classes = {
	};
	objectVersion = 50;
	objects = {

/* Begin PBXBuildFile section */
		1C14F19F20F2655800B835AC /* UBCMapSelectController.swift in Sources */ = {isa = PBXBuildFile; fileRef = 1C14F19E20F2655800B835AC /* UBCMapSelectController.swift */; };
		1C4034B220F2958100E51247 /* UBCShared.swift in Sources */ = {isa = PBXBuildFile; fileRef = 1C4034B120F2958100E51247 /* UBCShared.swift */; };
		1CEFAA4520F3FCBE005719B3 /* UBCSTextFieldTableViewCell.swift in Sources */ = {isa = PBXBuildFile; fileRef = 1CEFAA4420F3FCBE005719B3 /* UBCSTextFieldTableViewCell.swift */; };
		1CFFFE6420F0CB3E003B5AD9 /* UBCSPhotoTableViewCell.swift in Sources */ = {isa = PBXBuildFile; fileRef = 1CFFFE6320F0CB3E003B5AD9 /* UBCSPhotoTableViewCell.swift */; };
		1CFFFE6A20F0CD3F003B5AD9 /* UBCSellDM.swift in Sources */ = {isa = PBXBuildFile; fileRef = 1CFFFE6920F0CD3F003B5AD9 /* UBCSellDM.swift */; };
		1CFFFE6C20F0D0F8003B5AD9 /* UBCSellController.swift in Sources */ = {isa = PBXBuildFile; fileRef = 1CFFFE6B20F0D0F8003B5AD9 /* UBCSellController.swift */; };
		1CFFFE6E20F0DD28003B5AD9 /* UBCSTextViewTableViewCell.swift in Sources */ = {isa = PBXBuildFile; fileRef = 1CFFFE6D20F0DD28003B5AD9 /* UBCSTextViewTableViewCell.swift */; };
		1CFFFE7020F0E204003B5AD9 /* UBCSSelectionTableViewCell.swift in Sources */ = {isa = PBXBuildFile; fileRef = 1CFFFE6F20F0E204003B5AD9 /* UBCSSelectionTableViewCell.swift */; };
		1CFFFE7320F22599003B5AD9 /* UBCSelectionController.swift in Sources */ = {isa = PBXBuildFile; fileRef = 1CFFFE7220F22599003B5AD9 /* UBCSelectionController.swift */; };
		1CFFFE7C20F230A9003B5AD9 /* LaunchScreen.storyboard in Resources */ = {isa = PBXBuildFile; fileRef = 1CFFFE7820F230A9003B5AD9 /* LaunchScreen.storyboard */; };
		1CFFFE7D20F230A9003B5AD9 /* Assets.xcassets in Resources */ = {isa = PBXBuildFile; fileRef = 1CFFFE7920F230A9003B5AD9 /* Assets.xcassets */; };
		1CFFFE7E20F230A9003B5AD9 /* main.m in Sources */ = {isa = PBXBuildFile; fileRef = 1CFFFE7A20F230A9003B5AD9 /* main.m */; };
		30A0668C891003DF59D2BECC /* libPods-Ubcoin.a in Frameworks */ = {isa = PBXBuildFile; fileRef = 82DD3B2DB73F06ACB93DC3B9 /* libPods-Ubcoin.a */; };
		89678D9E210CED2900EB715E /* UBCStartLoginController.swift in Sources */ = {isa = PBXBuildFile; fileRef = 89678D9D210CED2900EB715E /* UBCStartLoginController.swift */; };
		89678DA1210CF12600EB715E /* UBCSignUpController.m in Sources */ = {isa = PBXBuildFile; fileRef = 89678DA0210CF12600EB715E /* UBCSignUpController.m */; };
		89678DA5210CF75500EB715E /* UBCUserDM.m in Sources */ = {isa = PBXBuildFile; fileRef = 89678DA4210CF75500EB715E /* UBCUserDM.m */; };
		89678DA9210DE28600EB715E /* UBCToast.m in Sources */ = {isa = PBXBuildFile; fileRef = 89678DA8210DE28600EB715E /* UBCToast.m */; };
		89678DB9211088C600EB715E /* UBCStartLoginController.xib in Resources */ = {isa = PBXBuildFile; fileRef = 89678DB8211088C600EB715E /* UBCStartLoginController.xib */; };
		89678DBB21108A6C00EB715E /* UBCLoginController.xib in Resources */ = {isa = PBXBuildFile; fileRef = 89678DBA21108A6C00EB715E /* UBCLoginController.xib */; };
		89678DBD21108B5600EB715E /* UBCSignUpController.xib in Resources */ = {isa = PBXBuildFile; fileRef = 89678DBC21108B5600EB715E /* UBCSignUpController.xib */; };
		89678DC32110C0AD00EB715E /* UBCForgotPasswordController.swift in Sources */ = {isa = PBXBuildFile; fileRef = 89678DC12110C0AD00EB715E /* UBCForgotPasswordController.swift */; };
		89678DC42110C0AD00EB715E /* UBCForgotPasswordController.xib in Resources */ = {isa = PBXBuildFile; fileRef = 89678DC22110C0AD00EB715E /* UBCForgotPasswordController.xib */; };
		89678DC72110C5F700EB715E /* UBFloatingPlaceholderTextField.m in Sources */ = {isa = PBXBuildFile; fileRef = 89678DC62110C5F700EB715E /* UBFloatingPlaceholderTextField.m */; };
		89678DCC2111B02800EB715E /* UBCProfileController.m in Sources */ = {isa = PBXBuildFile; fileRef = 89678DCA2111B02800EB715E /* UBCProfileController.m */; };
		89678DCD2111B02800EB715E /* UBCProfileController.xib in Resources */ = {isa = PBXBuildFile; fileRef = 89678DCB2111B02800EB715E /* UBCProfileController.xib */; };
		89678DD221120F1A00EB715E /* UBCSuccessRegistrationView.m in Sources */ = {isa = PBXBuildFile; fileRef = 89678DD021120F1A00EB715E /* UBCSuccessRegistrationView.m */; };
		89678DD321120F1A00EB715E /* UBCSuccessRegistrationView.xib in Resources */ = {isa = PBXBuildFile; fileRef = 89678DD121120F1A00EB715E /* UBCSuccessRegistrationView.xib */; };
		89678DD72112420300EB715E /* UBCPasswordView.m in Sources */ = {isa = PBXBuildFile; fileRef = 89678DD62112420300EB715E /* UBCPasswordView.m */; };
		89678DE62112424E00EB715E /* adjacency_graphs.json in Resources */ = {isa = PBXBuildFile; fileRef = 89678DDA2112424E00EB715E /* adjacency_graphs.json */; };
		89678DE72112424E00EB715E /* frequency_lists.json in Resources */ = {isa = PBXBuildFile; fileRef = 89678DDB2112424E00EB715E /* frequency_lists.json */; };
		89678DE82112424E00EB715E /* DBScorer.m in Sources */ = {isa = PBXBuildFile; fileRef = 89678DDC2112424E00EB715E /* DBScorer.m */; };
		89678DE92112424E00EB715E /* DBZxcvbn.m in Sources */ = {isa = PBXBuildFile; fileRef = 89678DDD2112424E00EB715E /* DBZxcvbn.m */; };
		89678DEA2112424E00EB715E /* DBMatcher.m in Sources */ = {isa = PBXBuildFile; fileRef = 89678DE12112424E00EB715E /* DBMatcher.m */; };
		89678DEB2112424E00EB715E /* DBPasswordStrengthMeterView.m in Sources */ = {isa = PBXBuildFile; fileRef = 89678DE42112424E00EB715E /* DBPasswordStrengthMeterView.m */; };
		89678DEC2112424E00EB715E /* Info.plist in Resources */ = {isa = PBXBuildFile; fileRef = 89678DE52112424E00EB715E /* Info.plist */; };
		89678DEE2112430300EB715E /* UBCPasswordView.xib in Resources */ = {isa = PBXBuildFile; fileRef = 89678DED2112430300EB715E /* UBCPasswordView.xib */; };
		8980F22A20F3FB800066CF99 /* UBCStarsView.m in Sources */ = {isa = PBXBuildFile; fileRef = 8980F22920F3FB800066CF99 /* UBCStarsView.m */; };
		8980F23620F481BA0066CF99 /* UBCInfoLabel.m in Sources */ = {isa = PBXBuildFile; fileRef = 8980F23520F481BA0066CF99 /* UBCInfoLabel.m */; };
		8980F23B20F486990066CF99 /* UBCGoodDetailsController.m in Sources */ = {isa = PBXBuildFile; fileRef = 8980F23920F486990066CF99 /* UBCGoodDetailsController.m */; };
		8980F23C20F486990066CF99 /* UBCGoodDetailsController.xib in Resources */ = {isa = PBXBuildFile; fileRef = 8980F23A20F486990066CF99 /* UBCGoodDetailsController.xib */; };
		8980F24120F4954C0066CF99 /* UBCPhotoCollectionViewCell.m in Sources */ = {isa = PBXBuildFile; fileRef = 8980F23F20F4954C0066CF99 /* UBCPhotoCollectionViewCell.m */; };
		8980F24220F4954C0066CF99 /* UBCPhotoCollectionViewCell.xib in Resources */ = {isa = PBXBuildFile; fileRef = 8980F24020F4954C0066CF99 /* UBCPhotoCollectionViewCell.xib */; };
		8980F24720F505550066CF99 /* UBCCategoryDM.m in Sources */ = {isa = PBXBuildFile; fileRef = 8980F24620F505550066CF99 /* UBCCategoryDM.m */; };
		8981369B20F5678D00DF6B7F /* UBCChatController.xib in Resources */ = {isa = PBXBuildFile; fileRef = 8981369A20F5678D00DF6B7F /* UBCChatController.xib */; };
		8987516A20EE119F00E2B615 /* UBMigrationView.m in Sources */ = {isa = PBXBuildFile; fileRef = 898750FD20EE119F00E2B615 /* UBMigrationView.m */; };
		8987516B20EE119F00E2B615 /* HUBNavigationBarView.xib in Resources */ = {isa = PBXBuildFile; fileRef = 8987510020EE119F00E2B615 /* HUBNavigationBarView.xib */; };
		8987516C20EE119F00E2B615 /* HUBNavigationBarView.m in Sources */ = {isa = PBXBuildFile; fileRef = 8987510220EE119F00E2B615 /* HUBNavigationBarView.m */; };
		8987516D20EE119F00E2B615 /* HUBScrollView.m in Sources */ = {isa = PBXBuildFile; fileRef = 8987510420EE119F00E2B615 /* HUBScrollView.m */; };
		8987516E20EE119F00E2B615 /* UBDefaultTableViewCell.m in Sources */ = {isa = PBXBuildFile; fileRef = 8987510820EE119F00E2B615 /* UBDefaultTableViewCell.m */; };
		8987516F20EE119F00E2B615 /* HUBSystemAlertCell.m in Sources */ = {isa = PBXBuildFile; fileRef = 8987510A20EE119F00E2B615 /* HUBSystemAlertCell.m */; };
		8987517020EE119F00E2B615 /* UBSwitchTableViewCell.m in Sources */ = {isa = PBXBuildFile; fileRef = 8987510D20EE119F00E2B615 /* UBSwitchTableViewCell.m */; };
		8987517120EE119F00E2B615 /* HUBSystemAlertCell.xib in Resources */ = {isa = PBXBuildFile; fileRef = 8987510E20EE119F00E2B615 /* HUBSystemAlertCell.xib */; };
		8987517220EE119F00E2B615 /* UBDefaultTableView.m in Sources */ = {isa = PBXBuildFile; fileRef = 8987511120EE119F00E2B615 /* UBDefaultTableView.m */; };
		8987517320EE119F00E2B615 /* UBTableView.m in Sources */ = {isa = PBXBuildFile; fileRef = 8987511220EE119F00E2B615 /* UBTableView.m */; };
		8987517420EE119F00E2B615 /* UBSectionHeaderView.xib in Resources */ = {isa = PBXBuildFile; fileRef = 8987511420EE119F00E2B615 /* UBSectionHeaderView.xib */; };
		8987517520EE119F00E2B615 /* UBExpandableTableViewSectionHeader.m in Sources */ = {isa = PBXBuildFile; fileRef = 8987511520EE119F00E2B615 /* UBExpandableTableViewSectionHeader.m */; };
		8987517620EE119F00E2B615 /* UBExpandableTableViewSectionHeader.xib in Resources */ = {isa = PBXBuildFile; fileRef = 8987511620EE119F00E2B615 /* UBExpandableTableViewSectionHeader.xib */; };
		8987517720EE119F00E2B615 /* UBTableHeaderView.m in Sources */ = {isa = PBXBuildFile; fileRef = 8987511720EE119F00E2B615 /* UBTableHeaderView.m */; };
		8987517820EE119F00E2B615 /* UBTableHeaderView.xib in Resources */ = {isa = PBXBuildFile; fileRef = 8987511920EE119F00E2B615 /* UBTableHeaderView.xib */; };
		8987517920EE119F00E2B615 /* UBSectionHeaderView.m in Sources */ = {isa = PBXBuildFile; fileRef = 8987511B20EE119F00E2B615 /* UBSectionHeaderView.m */; };
		8987517A20EE119F00E2B615 /* HUBTextView.m in Sources */ = {isa = PBXBuildFile; fileRef = 8987511E20EE119F00E2B615 /* HUBTextView.m */; };
		8987517B20EE119F00E2B615 /* HUBGeneralButton.m in Sources */ = {isa = PBXBuildFile; fileRef = 8987512120EE119F00E2B615 /* HUBGeneralButton.m */; };
		8987518020EE119F00E2B615 /* HUBLabel.m in Sources */ = {isa = PBXBuildFile; fileRef = 8987512E20EE119F00E2B615 /* HUBLabel.m */; };
		8987518120EE119F00E2B615 /* HUBSpringyCollectionViewFlowLayout.m in Sources */ = {isa = PBXBuildFile; fileRef = 8987513220EE119F00E2B615 /* HUBSpringyCollectionViewFlowLayout.m */; };
		8987518220EE119F00E2B615 /* UBCollectionViewSwitch.m in Sources */ = {isa = PBXBuildFile; fileRef = 8987513420EE119F00E2B615 /* UBCollectionViewSwitch.m */; };
		8987518320EE119F00E2B615 /* UBCollectionViewSwitchContent.m in Sources */ = {isa = PBXBuildFile; fileRef = 8987513720EE119F00E2B615 /* UBCollectionViewSwitchContent.m */; };
		8987518420EE119F00E2B615 /* UBPickerView.m in Sources */ = {isa = PBXBuildFile; fileRef = 8987513920EE119F00E2B615 /* UBPickerView.m */; };
		8987518520EE119F00E2B615 /* HUBBaseMapView.m in Sources */ = {isa = PBXBuildFile; fileRef = 8987513C20EE119F00E2B615 /* HUBBaseMapView.m */; };
		8987518620EE119F00E2B615 /* HUBAttributedLabel.m in Sources */ = {isa = PBXBuildFile; fileRef = 8987513F20EE119F00E2B615 /* HUBAttributedLabel.m */; };
		8987518720EE119F00E2B615 /* UBAlertWindow.xib in Resources */ = {isa = PBXBuildFile; fileRef = 8987514220EE119F00E2B615 /* UBAlertWindow.xib */; };
		8987518820EE119F00E2B615 /* UBAlertWindow.m in Sources */ = {isa = PBXBuildFile; fileRef = 8987514320EE119F00E2B615 /* UBAlertWindow.m */; };
		8987518920EE119F00E2B615 /* HUBEmptyView.m in Sources */ = {isa = PBXBuildFile; fileRef = 8987514720EE119F00E2B615 /* HUBEmptyView.m */; };
		8987518A20EE119F00E2B615 /* HUBEmptyView.xib in Resources */ = {isa = PBXBuildFile; fileRef = 8987514820EE119F00E2B615 /* HUBEmptyView.xib */; };
		8987518B20EE119F00E2B615 /* UBAlertTableView.m in Sources */ = {isa = PBXBuildFile; fileRef = 8987514A20EE119F00E2B615 /* UBAlertTableView.m */; };
		8987518F20EE119F00E2B615 /* UBLocationManager.m in Sources */ = {isa = PBXBuildFile; fileRef = 8987515720EE119F00E2B615 /* UBLocationManager.m */; };
		8987519020EE119F00E2B615 /* HUBPermissions.m in Sources */ = {isa = PBXBuildFile; fileRef = 8987515C20EE119F00E2B615 /* HUBPermissions.m */; };
		8987519920EE23A100E2B615 /* UBWaitCell.m in Sources */ = {isa = PBXBuildFile; fileRef = 8987519720EE23A100E2B615 /* UBWaitCell.m */; };
		8987519A20EE23A100E2B615 /* UBWaitCell.xib in Resources */ = {isa = PBXBuildFile; fileRef = 8987519820EE23A100E2B615 /* UBWaitCell.xib */; };
		8987519F20EE2A8B00E2B615 /* UBCTabBarController.m in Sources */ = {isa = PBXBuildFile; fileRef = 8987519E20EE2A8B00E2B615 /* UBCTabBarController.m */; };
		898751A720EE2BBD00E2B615 /* UBCChatController.m in Sources */ = {isa = PBXBuildFile; fileRef = 898751A620EE2BBD00E2B615 /* UBCChatController.m */; };
		898751AA20EE2BDD00E2B615 /* UBCFavouritesController.m in Sources */ = {isa = PBXBuildFile; fileRef = 898751A920EE2BDD00E2B615 /* UBCFavouritesController.m */; };
		898751B320EE2C4100E2B615 /* UBCLoginController.m in Sources */ = {isa = PBXBuildFile; fileRef = 898751B220EE2C4100E2B615 /* UBCLoginController.m */; };
		898751C020EE618B00E2B615 /* UBConnectionProvider.m in Sources */ = {isa = PBXBuildFile; fileRef = 898751B820EE618B00E2B615 /* UBConnectionProvider.m */; };
		898751C520EE64EB00E2B615 /* UBCRequestProvider.m in Sources */ = {isa = PBXBuildFile; fileRef = 898751C420EE64EB00E2B615 /* UBCRequestProvider.m */; };
		898751C820EE65C000E2B615 /* UBCKeyChain.m in Sources */ = {isa = PBXBuildFile; fileRef = 898751C720EE65C000E2B615 /* UBCKeyChain.m */; };
		898751CB20EE6AEA00E2B615 /* UBCURLProvider.m in Sources */ = {isa = PBXBuildFile; fileRef = 898751CA20EE6AEA00E2B615 /* UBCURLProvider.m */; };
		898751CE20EE6D7600E2B615 /* UBCDataProvider.m in Sources */ = {isa = PBXBuildFile; fileRef = 898751CD20EE6D7600E2B615 /* UBCDataProvider.m */; };
		899E217C20E68D8A004D891B /* UBCAppDelegate.m in Sources */ = {isa = PBXBuildFile; fileRef = 899E217B20E68D8A004D891B /* UBCAppDelegate.m */; };
		89AE1A6E20F7B8F1000662E8 /* UBCFavouritesController.xib in Resources */ = {isa = PBXBuildFile; fileRef = 89AE1A6D20F7B8F1000662E8 /* UBCFavouritesController.xib */; };
		89AE1A7320F7FDF3000662E8 /* UBCFavouriteCell.m in Sources */ = {isa = PBXBuildFile; fileRef = 89AE1A7120F7FDF3000662E8 /* UBCFavouriteCell.m */; };
		89AE1A7420F7FDF3000662E8 /* UBCFavouriteCell.xib in Resources */ = {isa = PBXBuildFile; fileRef = 89AE1A7220F7FDF3000662E8 /* UBCFavouriteCell.xib */; };
		89CB110E20EFCDA500729C95 /* HUBCollectionViewWaitCell.xib in Resources */ = {isa = PBXBuildFile; fileRef = 89CB110C20EFCDA500729C95 /* HUBCollectionViewWaitCell.xib */; };
		89CB110F20EFCDA500729C95 /* HUBCollectionViewWaitCell.m in Sources */ = {isa = PBXBuildFile; fileRef = 89CB110D20EFCDA500729C95 /* HUBCollectionViewWaitCell.m */; };
		89F16A6A20F2C65D001AA440 /* UBCFiltersListController.m in Sources */ = {isa = PBXBuildFile; fileRef = 89F16A4F20F2C65D001AA440 /* UBCFiltersListController.m */; };
		89F16A6B20F2C65D001AA440 /* UBCGoodDM.m in Sources */ = {isa = PBXBuildFile; fileRef = 89F16A5420F2C65D001AA440 /* UBCGoodDM.m */; };
		89F16A6C20F2C65D001AA440 /* UBCSellerDM.m in Sources */ = {isa = PBXBuildFile; fileRef = 89F16A5620F2C65D001AA440 /* UBCSellerDM.m */; };
		89F16A6D20F2C65D001AA440 /* UBCGoodsCollectionView.m in Sources */ = {isa = PBXBuildFile; fileRef = 89F16A5820F2C65D001AA440 /* UBCGoodsCollectionView.m */; };
		89F16A6E20F2C65D001AA440 /* UBCDiscountsCollectionView.xib in Resources */ = {isa = PBXBuildFile; fileRef = 89F16A5B20F2C65D001AA440 /* UBCDiscountsCollectionView.xib */; };
		89F16A6F20F2C65D001AA440 /* UBCDiscountCollectionViewCell.m in Sources */ = {isa = PBXBuildFile; fileRef = 89F16A5D20F2C65D001AA440 /* UBCDiscountCollectionViewCell.m */; };
		89F16A7020F2C65D001AA440 /* UBCDiscountCollectionViewCell.xib in Resources */ = {isa = PBXBuildFile; fileRef = 89F16A5E20F2C65D001AA440 /* UBCDiscountCollectionViewCell.xib */; };
		89F16A7120F2C65D001AA440 /* UBCDiscountsCollectionView.m in Sources */ = {isa = PBXBuildFile; fileRef = 89F16A6020F2C65D001AA440 /* UBCDiscountsCollectionView.m */; };
		89F16A7220F2C65D001AA440 /* UBCDiscountDM.m in Sources */ = {isa = PBXBuildFile; fileRef = 89F16A6220F2C65D001AA440 /* UBCDiscountDM.m */; };
		89F16A7320F2C65D001AA440 /* UBCGoodCell.xib in Resources */ = {isa = PBXBuildFile; fileRef = 89F16A6520F2C65D001AA440 /* UBCGoodCell.xib */; };
		89F16A7420F2C65D001AA440 /* UBCGoodCell.m in Sources */ = {isa = PBXBuildFile; fileRef = 89F16A6620F2C65D001AA440 /* UBCGoodCell.m */; };
		89F16A7520F2C65D001AA440 /* UBCMarketController.m in Sources */ = {isa = PBXBuildFile; fileRef = 89F16A6920F2C65D001AA440 /* UBCMarketController.m */; };
/* End PBXBuildFile section */

/* Begin PBXFileReference section */
		1C14F19D20F2366900B835AC /* Ubcoin-Bridging-Header.h */ = {isa = PBXFileReference; lastKnownFileType = sourcecode.c.h; path = "Ubcoin-Bridging-Header.h"; sourceTree = "<group>"; };
		1C14F19E20F2655800B835AC /* UBCMapSelectController.swift */ = {isa = PBXFileReference; lastKnownFileType = sourcecode.swift; path = UBCMapSelectController.swift; sourceTree = "<group>"; };
		1C4034B120F2958100E51247 /* UBCShared.swift */ = {isa = PBXFileReference; fileEncoding = 4; lastKnownFileType = sourcecode.swift; path = UBCShared.swift; sourceTree = "<group>"; };
		1CEFAA4420F3FCBE005719B3 /* UBCSTextFieldTableViewCell.swift */ = {isa = PBXFileReference; lastKnownFileType = sourcecode.swift; path = UBCSTextFieldTableViewCell.swift; sourceTree = "<group>"; };
		1CFFFE6320F0CB3E003B5AD9 /* UBCSPhotoTableViewCell.swift */ = {isa = PBXFileReference; lastKnownFileType = sourcecode.swift; path = UBCSPhotoTableViewCell.swift; sourceTree = "<group>"; };
		1CFFFE6920F0CD3F003B5AD9 /* UBCSellDM.swift */ = {isa = PBXFileReference; fileEncoding = 4; lastKnownFileType = sourcecode.swift; path = UBCSellDM.swift; sourceTree = "<group>"; };
		1CFFFE6B20F0D0F8003B5AD9 /* UBCSellController.swift */ = {isa = PBXFileReference; lastKnownFileType = sourcecode.swift; path = UBCSellController.swift; sourceTree = "<group>"; };
		1CFFFE6D20F0DD28003B5AD9 /* UBCSTextViewTableViewCell.swift */ = {isa = PBXFileReference; lastKnownFileType = sourcecode.swift; path = UBCSTextViewTableViewCell.swift; sourceTree = "<group>"; };
		1CFFFE6F20F0E204003B5AD9 /* UBCSSelectionTableViewCell.swift */ = {isa = PBXFileReference; lastKnownFileType = sourcecode.swift; path = UBCSSelectionTableViewCell.swift; sourceTree = "<group>"; };
		1CFFFE7220F22599003B5AD9 /* UBCSelectionController.swift */ = {isa = PBXFileReference; lastKnownFileType = sourcecode.swift; path = UBCSelectionController.swift; sourceTree = "<group>"; };
		1CFFFE7720F230A9003B5AD9 /* Ubcoin-Prefix.pch */ = {isa = PBXFileReference; fileEncoding = 4; lastKnownFileType = sourcecode.c.h; path = "Ubcoin-Prefix.pch"; sourceTree = "<group>"; };
		1CFFFE7820F230A9003B5AD9 /* LaunchScreen.storyboard */ = {isa = PBXFileReference; fileEncoding = 4; lastKnownFileType = file.storyboard; path = LaunchScreen.storyboard; sourceTree = "<group>"; };
		1CFFFE7920F230A9003B5AD9 /* Assets.xcassets */ = {isa = PBXFileReference; lastKnownFileType = folder.assetcatalog; path = Assets.xcassets; sourceTree = "<group>"; };
		1CFFFE7A20F230A9003B5AD9 /* main.m */ = {isa = PBXFileReference; fileEncoding = 4; lastKnownFileType = sourcecode.c.objc; path = main.m; sourceTree = "<group>"; };
		1CFFFE7B20F230A9003B5AD9 /* Info.plist */ = {isa = PBXFileReference; fileEncoding = 4; lastKnownFileType = text.plist.xml; path = Info.plist; sourceTree = "<group>"; };
		8133FFCED3512BADEB40D574 /* Pods-Ubcoin.release.xcconfig */ = {isa = PBXFileReference; includeInIndex = 1; lastKnownFileType = text.xcconfig; name = "Pods-Ubcoin.release.xcconfig"; path = "Pods/Target Support Files/Pods-Ubcoin/Pods-Ubcoin.release.xcconfig"; sourceTree = "<group>"; };
		82DD3B2DB73F06ACB93DC3B9 /* libPods-Ubcoin.a */ = {isa = PBXFileReference; explicitFileType = archive.ar; includeInIndex = 0; path = "libPods-Ubcoin.a"; sourceTree = BUILT_PRODUCTS_DIR; };
		89678D9D210CED2900EB715E /* UBCStartLoginController.swift */ = {isa = PBXFileReference; lastKnownFileType = sourcecode.swift; path = UBCStartLoginController.swift; sourceTree = "<group>"; };
		89678D9F210CF12600EB715E /* UBCSignUpController.h */ = {isa = PBXFileReference; lastKnownFileType = sourcecode.c.h; path = UBCSignUpController.h; sourceTree = "<group>"; };
		89678DA0210CF12600EB715E /* UBCSignUpController.m */ = {isa = PBXFileReference; lastKnownFileType = sourcecode.c.objc; path = UBCSignUpController.m; sourceTree = "<group>"; };
		89678DA3210CF75500EB715E /* UBCUserDM.h */ = {isa = PBXFileReference; lastKnownFileType = sourcecode.c.h; path = UBCUserDM.h; sourceTree = "<group>"; };
		89678DA4210CF75500EB715E /* UBCUserDM.m */ = {isa = PBXFileReference; lastKnownFileType = sourcecode.c.objc; path = UBCUserDM.m; sourceTree = "<group>"; };
		89678DA7210DE28600EB715E /* UBCToast.h */ = {isa = PBXFileReference; lastKnownFileType = sourcecode.c.h; path = UBCToast.h; sourceTree = "<group>"; };
		89678DA8210DE28600EB715E /* UBCToast.m */ = {isa = PBXFileReference; lastKnownFileType = sourcecode.c.objc; path = UBCToast.m; sourceTree = "<group>"; };
		89678DB8211088C600EB715E /* UBCStartLoginController.xib */ = {isa = PBXFileReference; lastKnownFileType = file.xib; path = UBCStartLoginController.xib; sourceTree = "<group>"; };
		89678DBA21108A6C00EB715E /* UBCLoginController.xib */ = {isa = PBXFileReference; lastKnownFileType = file.xib; path = UBCLoginController.xib; sourceTree = "<group>"; };
		89678DBC21108B5600EB715E /* UBCSignUpController.xib */ = {isa = PBXFileReference; lastKnownFileType = file.xib; path = UBCSignUpController.xib; sourceTree = "<group>"; };
		89678DC12110C0AD00EB715E /* UBCForgotPasswordController.swift */ = {isa = PBXFileReference; lastKnownFileType = sourcecode.swift; path = UBCForgotPasswordController.swift; sourceTree = "<group>"; };
		89678DC22110C0AD00EB715E /* UBCForgotPasswordController.xib */ = {isa = PBXFileReference; lastKnownFileType = file.xib; path = UBCForgotPasswordController.xib; sourceTree = "<group>"; };
		89678DC52110C5F700EB715E /* UBFloatingPlaceholderTextField.h */ = {isa = PBXFileReference; fileEncoding = 4; lastKnownFileType = sourcecode.c.h; path = UBFloatingPlaceholderTextField.h; sourceTree = "<group>"; };
		89678DC62110C5F700EB715E /* UBFloatingPlaceholderTextField.m */ = {isa = PBXFileReference; fileEncoding = 4; lastKnownFileType = sourcecode.c.objc; path = UBFloatingPlaceholderTextField.m; sourceTree = "<group>"; };
		89678DC92111B02800EB715E /* UBCProfileController.h */ = {isa = PBXFileReference; lastKnownFileType = sourcecode.c.h; path = UBCProfileController.h; sourceTree = "<group>"; };
		89678DCA2111B02800EB715E /* UBCProfileController.m */ = {isa = PBXFileReference; lastKnownFileType = sourcecode.c.objc; path = UBCProfileController.m; sourceTree = "<group>"; };
		89678DCB2111B02800EB715E /* UBCProfileController.xib */ = {isa = PBXFileReference; lastKnownFileType = file.xib; path = UBCProfileController.xib; sourceTree = "<group>"; };
		89678DCF21120F1A00EB715E /* UBCSuccessRegistrationView.h */ = {isa = PBXFileReference; lastKnownFileType = sourcecode.c.h; path = UBCSuccessRegistrationView.h; sourceTree = "<group>"; };
		89678DD021120F1A00EB715E /* UBCSuccessRegistrationView.m */ = {isa = PBXFileReference; lastKnownFileType = sourcecode.c.objc; path = UBCSuccessRegistrationView.m; sourceTree = "<group>"; };
		89678DD121120F1A00EB715E /* UBCSuccessRegistrationView.xib */ = {isa = PBXFileReference; lastKnownFileType = file.xib; path = UBCSuccessRegistrationView.xib; sourceTree = "<group>"; };
		89678DD52112420300EB715E /* UBCPasswordView.h */ = {isa = PBXFileReference; lastKnownFileType = sourcecode.c.h; path = UBCPasswordView.h; sourceTree = "<group>"; };
		89678DD62112420300EB715E /* UBCPasswordView.m */ = {isa = PBXFileReference; lastKnownFileType = sourcecode.c.objc; path = UBCPasswordView.m; sourceTree = "<group>"; };
		89678DDA2112424E00EB715E /* adjacency_graphs.json */ = {isa = PBXFileReference; fileEncoding = 4; lastKnownFileType = text.json; path = adjacency_graphs.json; sourceTree = "<group>"; };
		89678DDB2112424E00EB715E /* frequency_lists.json */ = {isa = PBXFileReference; fileEncoding = 4; lastKnownFileType = text.json; path = frequency_lists.json; sourceTree = "<group>"; };
		89678DDC2112424E00EB715E /* DBScorer.m */ = {isa = PBXFileReference; fileEncoding = 4; lastKnownFileType = sourcecode.c.objc; path = DBScorer.m; sourceTree = "<group>"; };
		89678DDD2112424E00EB715E /* DBZxcvbn.m */ = {isa = PBXFileReference; fileEncoding = 4; lastKnownFileType = sourcecode.c.objc; path = DBZxcvbn.m; sourceTree = "<group>"; };
		89678DDE2112424E00EB715E /* DBMatcher.h */ = {isa = PBXFileReference; fileEncoding = 4; lastKnownFileType = sourcecode.c.h; path = DBMatcher.h; sourceTree = "<group>"; };
		89678DDF2112424E00EB715E /* DBPasswordStrengthMeterView.h */ = {isa = PBXFileReference; fileEncoding = 4; lastKnownFileType = sourcecode.c.h; path = DBPasswordStrengthMeterView.h; sourceTree = "<group>"; };
		89678DE02112424E00EB715E /* Zxcvbn.h */ = {isa = PBXFileReference; fileEncoding = 4; lastKnownFileType = sourcecode.c.h; path = Zxcvbn.h; sourceTree = "<group>"; };
		89678DE12112424E00EB715E /* DBMatcher.m */ = {isa = PBXFileReference; fileEncoding = 4; lastKnownFileType = sourcecode.c.objc; path = DBMatcher.m; sourceTree = "<group>"; };
		89678DE22112424E00EB715E /* DBZxcvbn.h */ = {isa = PBXFileReference; fileEncoding = 4; lastKnownFileType = sourcecode.c.h; path = DBZxcvbn.h; sourceTree = "<group>"; };
		89678DE32112424E00EB715E /* DBScorer.h */ = {isa = PBXFileReference; fileEncoding = 4; lastKnownFileType = sourcecode.c.h; path = DBScorer.h; sourceTree = "<group>"; };
		89678DE42112424E00EB715E /* DBPasswordStrengthMeterView.m */ = {isa = PBXFileReference; fileEncoding = 4; lastKnownFileType = sourcecode.c.objc; path = DBPasswordStrengthMeterView.m; sourceTree = "<group>"; };
		89678DE52112424E00EB715E /* Info.plist */ = {isa = PBXFileReference; fileEncoding = 4; lastKnownFileType = text.plist.xml; path = Info.plist; sourceTree = "<group>"; };
		89678DED2112430300EB715E /* UBCPasswordView.xib */ = {isa = PBXFileReference; lastKnownFileType = file.xib; path = UBCPasswordView.xib; sourceTree = "<group>"; };
		8980F22820F3FB800066CF99 /* UBCStarsView.h */ = {isa = PBXFileReference; lastKnownFileType = sourcecode.c.h; path = UBCStarsView.h; sourceTree = "<group>"; };
		8980F22920F3FB800066CF99 /* UBCStarsView.m */ = {isa = PBXFileReference; lastKnownFileType = sourcecode.c.objc; path = UBCStarsView.m; sourceTree = "<group>"; };
		8980F23420F481BA0066CF99 /* UBCInfoLabel.h */ = {isa = PBXFileReference; lastKnownFileType = sourcecode.c.h; path = UBCInfoLabel.h; sourceTree = "<group>"; };
		8980F23520F481BA0066CF99 /* UBCInfoLabel.m */ = {isa = PBXFileReference; lastKnownFileType = sourcecode.c.objc; path = UBCInfoLabel.m; sourceTree = "<group>"; };
		8980F23820F486990066CF99 /* UBCGoodDetailsController.h */ = {isa = PBXFileReference; lastKnownFileType = sourcecode.c.h; path = UBCGoodDetailsController.h; sourceTree = "<group>"; };
		8980F23920F486990066CF99 /* UBCGoodDetailsController.m */ = {isa = PBXFileReference; lastKnownFileType = sourcecode.c.objc; path = UBCGoodDetailsController.m; sourceTree = "<group>"; };
		8980F23A20F486990066CF99 /* UBCGoodDetailsController.xib */ = {isa = PBXFileReference; lastKnownFileType = file.xib; path = UBCGoodDetailsController.xib; sourceTree = "<group>"; };
		8980F23E20F4954C0066CF99 /* UBCPhotoCollectionViewCell.h */ = {isa = PBXFileReference; lastKnownFileType = sourcecode.c.h; path = UBCPhotoCollectionViewCell.h; sourceTree = "<group>"; };
		8980F23F20F4954C0066CF99 /* UBCPhotoCollectionViewCell.m */ = {isa = PBXFileReference; lastKnownFileType = sourcecode.c.objc; path = UBCPhotoCollectionViewCell.m; sourceTree = "<group>"; };
		8980F24020F4954C0066CF99 /* UBCPhotoCollectionViewCell.xib */ = {isa = PBXFileReference; lastKnownFileType = file.xib; path = UBCPhotoCollectionViewCell.xib; sourceTree = "<group>"; };
		8980F24520F505550066CF99 /* UBCCategoryDM.h */ = {isa = PBXFileReference; lastKnownFileType = sourcecode.c.h; path = UBCCategoryDM.h; sourceTree = "<group>"; };
		8980F24620F505550066CF99 /* UBCCategoryDM.m */ = {isa = PBXFileReference; lastKnownFileType = sourcecode.c.objc; path = UBCCategoryDM.m; sourceTree = "<group>"; };
		8981369A20F5678D00DF6B7F /* UBCChatController.xib */ = {isa = PBXFileReference; lastKnownFileType = file.xib; path = UBCChatController.xib; sourceTree = "<group>"; };
		898750FD20EE119F00E2B615 /* UBMigrationView.m */ = {isa = PBXFileReference; fileEncoding = 4; lastKnownFileType = sourcecode.c.objc; path = UBMigrationView.m; sourceTree = "<group>"; };
		898750FE20EE119F00E2B615 /* UBMigrationView.h */ = {isa = PBXFileReference; fileEncoding = 4; lastKnownFileType = sourcecode.c.h; path = UBMigrationView.h; sourceTree = "<group>"; };
		8987510020EE119F00E2B615 /* HUBNavigationBarView.xib */ = {isa = PBXFileReference; fileEncoding = 4; lastKnownFileType = file.xib; path = HUBNavigationBarView.xib; sourceTree = "<group>"; };
		8987510120EE119F00E2B615 /* HUBNavigationBarView.h */ = {isa = PBXFileReference; fileEncoding = 4; lastKnownFileType = sourcecode.c.h; path = HUBNavigationBarView.h; sourceTree = "<group>"; };
		8987510220EE119F00E2B615 /* HUBNavigationBarView.m */ = {isa = PBXFileReference; fileEncoding = 4; lastKnownFileType = sourcecode.c.objc; path = HUBNavigationBarView.m; sourceTree = "<group>"; };
		8987510420EE119F00E2B615 /* HUBScrollView.m */ = {isa = PBXFileReference; fileEncoding = 4; lastKnownFileType = sourcecode.c.objc; path = HUBScrollView.m; sourceTree = "<group>"; };
		8987510520EE119F00E2B615 /* HUBScrollView.h */ = {isa = PBXFileReference; fileEncoding = 4; lastKnownFileType = sourcecode.c.h; path = HUBScrollView.h; sourceTree = "<group>"; };
		8987510820EE119F00E2B615 /* UBDefaultTableViewCell.m */ = {isa = PBXFileReference; fileEncoding = 4; lastKnownFileType = sourcecode.c.objc; path = UBDefaultTableViewCell.m; sourceTree = "<group>"; };
		8987510920EE119F00E2B615 /* UBSwitchTableViewCell.h */ = {isa = PBXFileReference; fileEncoding = 4; lastKnownFileType = sourcecode.c.h; path = UBSwitchTableViewCell.h; sourceTree = "<group>"; };
		8987510A20EE119F00E2B615 /* HUBSystemAlertCell.m */ = {isa = PBXFileReference; fileEncoding = 4; lastKnownFileType = sourcecode.c.objc; path = HUBSystemAlertCell.m; sourceTree = "<group>"; };
		8987510B20EE119F00E2B615 /* UBDefaultTableViewCell.h */ = {isa = PBXFileReference; fileEncoding = 4; lastKnownFileType = sourcecode.c.h; path = UBDefaultTableViewCell.h; sourceTree = "<group>"; };
		8987510C20EE119F00E2B615 /* HUBSystemAlertCell.h */ = {isa = PBXFileReference; fileEncoding = 4; lastKnownFileType = sourcecode.c.h; path = HUBSystemAlertCell.h; sourceTree = "<group>"; };
		8987510D20EE119F00E2B615 /* UBSwitchTableViewCell.m */ = {isa = PBXFileReference; fileEncoding = 4; lastKnownFileType = sourcecode.c.objc; path = UBSwitchTableViewCell.m; sourceTree = "<group>"; };
		8987510E20EE119F00E2B615 /* HUBSystemAlertCell.xib */ = {isa = PBXFileReference; fileEncoding = 4; lastKnownFileType = file.xib; path = HUBSystemAlertCell.xib; sourceTree = "<group>"; };
		8987510F20EE119F00E2B615 /* UBDefaultTableView.h */ = {isa = PBXFileReference; fileEncoding = 4; lastKnownFileType = sourcecode.c.h; path = UBDefaultTableView.h; sourceTree = "<group>"; };
		8987511020EE119F00E2B615 /* UBTableView.h */ = {isa = PBXFileReference; fileEncoding = 4; lastKnownFileType = sourcecode.c.h; path = UBTableView.h; sourceTree = "<group>"; };
		8987511120EE119F00E2B615 /* UBDefaultTableView.m */ = {isa = PBXFileReference; fileEncoding = 4; lastKnownFileType = sourcecode.c.objc; path = UBDefaultTableView.m; sourceTree = "<group>"; };
		8987511220EE119F00E2B615 /* UBTableView.m */ = {isa = PBXFileReference; fileEncoding = 4; lastKnownFileType = sourcecode.c.objc; path = UBTableView.m; sourceTree = "<group>"; };
		8987511420EE119F00E2B615 /* UBSectionHeaderView.xib */ = {isa = PBXFileReference; fileEncoding = 4; lastKnownFileType = file.xib; path = UBSectionHeaderView.xib; sourceTree = "<group>"; };
		8987511520EE119F00E2B615 /* UBExpandableTableViewSectionHeader.m */ = {isa = PBXFileReference; fileEncoding = 4; lastKnownFileType = sourcecode.c.objc; path = UBExpandableTableViewSectionHeader.m; sourceTree = "<group>"; };
		8987511620EE119F00E2B615 /* UBExpandableTableViewSectionHeader.xib */ = {isa = PBXFileReference; fileEncoding = 4; lastKnownFileType = file.xib; path = UBExpandableTableViewSectionHeader.xib; sourceTree = "<group>"; };
		8987511720EE119F00E2B615 /* UBTableHeaderView.m */ = {isa = PBXFileReference; fileEncoding = 4; lastKnownFileType = sourcecode.c.objc; path = UBTableHeaderView.m; sourceTree = "<group>"; };
		8987511820EE119F00E2B615 /* UBSectionHeaderView.h */ = {isa = PBXFileReference; fileEncoding = 4; lastKnownFileType = sourcecode.c.h; path = UBSectionHeaderView.h; sourceTree = "<group>"; };
		8987511920EE119F00E2B615 /* UBTableHeaderView.xib */ = {isa = PBXFileReference; fileEncoding = 4; lastKnownFileType = file.xib; path = UBTableHeaderView.xib; sourceTree = "<group>"; };
		8987511A20EE119F00E2B615 /* UBExpandableTableViewSectionHeader.h */ = {isa = PBXFileReference; fileEncoding = 4; lastKnownFileType = sourcecode.c.h; path = UBExpandableTableViewSectionHeader.h; sourceTree = "<group>"; };
		8987511B20EE119F00E2B615 /* UBSectionHeaderView.m */ = {isa = PBXFileReference; fileEncoding = 4; lastKnownFileType = sourcecode.c.objc; path = UBSectionHeaderView.m; sourceTree = "<group>"; };
		8987511C20EE119F00E2B615 /* UBTableHeaderView.h */ = {isa = PBXFileReference; fileEncoding = 4; lastKnownFileType = sourcecode.c.h; path = UBTableHeaderView.h; sourceTree = "<group>"; };
		8987511E20EE119F00E2B615 /* HUBTextView.m */ = {isa = PBXFileReference; fileEncoding = 4; lastKnownFileType = sourcecode.c.objc; path = HUBTextView.m; sourceTree = "<group>"; };
		8987511F20EE119F00E2B615 /* HUBTextView.h */ = {isa = PBXFileReference; fileEncoding = 4; lastKnownFileType = sourcecode.c.h; path = HUBTextView.h; sourceTree = "<group>"; };
		8987512120EE119F00E2B615 /* HUBGeneralButton.m */ = {isa = PBXFileReference; fileEncoding = 4; lastKnownFileType = sourcecode.c.objc; path = HUBGeneralButton.m; sourceTree = "<group>"; };
		8987512220EE119F00E2B615 /* HUBGeneralButton.h */ = {isa = PBXFileReference; fileEncoding = 4; lastKnownFileType = sourcecode.c.h; path = HUBGeneralButton.h; sourceTree = "<group>"; };
		8987512E20EE119F00E2B615 /* HUBLabel.m */ = {isa = PBXFileReference; fileEncoding = 4; lastKnownFileType = sourcecode.c.objc; path = HUBLabel.m; sourceTree = "<group>"; };
		8987512F20EE119F00E2B615 /* HUBLabel.h */ = {isa = PBXFileReference; fileEncoding = 4; lastKnownFileType = sourcecode.c.h; path = HUBLabel.h; sourceTree = "<group>"; };
		8987513120EE119F00E2B615 /* HUBSpringyCollectionViewFlowLayout.h */ = {isa = PBXFileReference; fileEncoding = 4; lastKnownFileType = sourcecode.c.h; path = HUBSpringyCollectionViewFlowLayout.h; sourceTree = "<group>"; };
		8987513220EE119F00E2B615 /* HUBSpringyCollectionViewFlowLayout.m */ = {isa = PBXFileReference; fileEncoding = 4; lastKnownFileType = sourcecode.c.objc; path = HUBSpringyCollectionViewFlowLayout.m; sourceTree = "<group>"; };
		8987513420EE119F00E2B615 /* UBCollectionViewSwitch.m */ = {isa = PBXFileReference; fileEncoding = 4; lastKnownFileType = sourcecode.c.objc; path = UBCollectionViewSwitch.m; sourceTree = "<group>"; };
		8987513520EE119F00E2B615 /* UBCollectionViewSwitchContent.h */ = {isa = PBXFileReference; fileEncoding = 4; lastKnownFileType = sourcecode.c.h; path = UBCollectionViewSwitchContent.h; sourceTree = "<group>"; };
		8987513620EE119F00E2B615 /* UBCollectionViewSwitch.h */ = {isa = PBXFileReference; fileEncoding = 4; lastKnownFileType = sourcecode.c.h; path = UBCollectionViewSwitch.h; sourceTree = "<group>"; };
		8987513720EE119F00E2B615 /* UBCollectionViewSwitchContent.m */ = {isa = PBXFileReference; fileEncoding = 4; lastKnownFileType = sourcecode.c.objc; path = UBCollectionViewSwitchContent.m; sourceTree = "<group>"; };
		8987513920EE119F00E2B615 /* UBPickerView.m */ = {isa = PBXFileReference; fileEncoding = 4; lastKnownFileType = sourcecode.c.objc; path = UBPickerView.m; sourceTree = "<group>"; };
		8987513A20EE119F00E2B615 /* UBPickerView.h */ = {isa = PBXFileReference; fileEncoding = 4; lastKnownFileType = sourcecode.c.h; path = UBPickerView.h; sourceTree = "<group>"; };
		8987513C20EE119F00E2B615 /* HUBBaseMapView.m */ = {isa = PBXFileReference; fileEncoding = 4; lastKnownFileType = sourcecode.c.objc; path = HUBBaseMapView.m; sourceTree = "<group>"; };
		8987513D20EE119F00E2B615 /* HUBBaseMapView.h */ = {isa = PBXFileReference; fileEncoding = 4; lastKnownFileType = sourcecode.c.h; path = HUBBaseMapView.h; sourceTree = "<group>"; };
		8987513F20EE119F00E2B615 /* HUBAttributedLabel.m */ = {isa = PBXFileReference; fileEncoding = 4; lastKnownFileType = sourcecode.c.objc; path = HUBAttributedLabel.m; sourceTree = "<group>"; };
		8987514020EE119F00E2B615 /* HUBAttributedLabel.h */ = {isa = PBXFileReference; fileEncoding = 4; lastKnownFileType = sourcecode.c.h; path = HUBAttributedLabel.h; sourceTree = "<group>"; };
		8987514220EE119F00E2B615 /* UBAlertWindow.xib */ = {isa = PBXFileReference; fileEncoding = 4; lastKnownFileType = file.xib; path = UBAlertWindow.xib; sourceTree = "<group>"; };
		8987514320EE119F00E2B615 /* UBAlertWindow.m */ = {isa = PBXFileReference; fileEncoding = 4; lastKnownFileType = sourcecode.c.objc; path = UBAlertWindow.m; sourceTree = "<group>"; };
		8987514420EE119F00E2B615 /* UBAlertWindow.h */ = {isa = PBXFileReference; fileEncoding = 4; lastKnownFileType = sourcecode.c.h; path = UBAlertWindow.h; sourceTree = "<group>"; };
		8987514620EE119F00E2B615 /* HUBEmptyView.h */ = {isa = PBXFileReference; fileEncoding = 4; lastKnownFileType = sourcecode.c.h; path = HUBEmptyView.h; sourceTree = "<group>"; };
		8987514720EE119F00E2B615 /* HUBEmptyView.m */ = {isa = PBXFileReference; fileEncoding = 4; lastKnownFileType = sourcecode.c.objc; path = HUBEmptyView.m; sourceTree = "<group>"; };
		8987514820EE119F00E2B615 /* HUBEmptyView.xib */ = {isa = PBXFileReference; fileEncoding = 4; lastKnownFileType = file.xib; path = HUBEmptyView.xib; sourceTree = "<group>"; };
		8987514A20EE119F00E2B615 /* UBAlertTableView.m */ = {isa = PBXFileReference; fileEncoding = 4; lastKnownFileType = sourcecode.c.objc; path = UBAlertTableView.m; sourceTree = "<group>"; };
		8987514B20EE119F00E2B615 /* UBAlertTableView.h */ = {isa = PBXFileReference; fileEncoding = 4; lastKnownFileType = sourcecode.c.h; path = UBAlertTableView.h; sourceTree = "<group>"; };
		8987515720EE119F00E2B615 /* UBLocationManager.m */ = {isa = PBXFileReference; fileEncoding = 4; lastKnownFileType = sourcecode.c.objc; path = UBLocationManager.m; sourceTree = "<group>"; };
		8987515820EE119F00E2B615 /* UBLocationManager.h */ = {isa = PBXFileReference; fileEncoding = 4; lastKnownFileType = sourcecode.c.h; path = UBLocationManager.h; sourceTree = "<group>"; };
		8987515A20EE119F00E2B615 /* HUBConstants.h */ = {isa = PBXFileReference; fileEncoding = 4; lastKnownFileType = sourcecode.c.h; path = HUBConstants.h; sourceTree = "<group>"; };
		8987515C20EE119F00E2B615 /* HUBPermissions.m */ = {isa = PBXFileReference; fileEncoding = 4; lastKnownFileType = sourcecode.c.objc; path = HUBPermissions.m; sourceTree = "<group>"; };
		8987515D20EE119F00E2B615 /* HUBPermissions.h */ = {isa = PBXFileReference; fileEncoding = 4; lastKnownFileType = sourcecode.c.h; path = HUBPermissions.h; sourceTree = "<group>"; };
		8987519620EE23A100E2B615 /* UBWaitCell.h */ = {isa = PBXFileReference; fileEncoding = 4; lastKnownFileType = sourcecode.c.h; path = UBWaitCell.h; sourceTree = "<group>"; };
		8987519720EE23A100E2B615 /* UBWaitCell.m */ = {isa = PBXFileReference; fileEncoding = 4; lastKnownFileType = sourcecode.c.objc; path = UBWaitCell.m; sourceTree = "<group>"; };
		8987519820EE23A100E2B615 /* UBWaitCell.xib */ = {isa = PBXFileReference; fileEncoding = 4; lastKnownFileType = file.xib; path = UBWaitCell.xib; sourceTree = "<group>"; };
		8987519D20EE2A8B00E2B615 /* UBCTabBarController.h */ = {isa = PBXFileReference; lastKnownFileType = sourcecode.c.h; path = UBCTabBarController.h; sourceTree = "<group>"; };
		8987519E20EE2A8B00E2B615 /* UBCTabBarController.m */ = {isa = PBXFileReference; lastKnownFileType = sourcecode.c.objc; path = UBCTabBarController.m; sourceTree = "<group>"; };
		898751A520EE2BBD00E2B615 /* UBCChatController.h */ = {isa = PBXFileReference; lastKnownFileType = sourcecode.c.h; path = UBCChatController.h; sourceTree = "<group>"; };
		898751A620EE2BBD00E2B615 /* UBCChatController.m */ = {isa = PBXFileReference; lastKnownFileType = sourcecode.c.objc; path = UBCChatController.m; sourceTree = "<group>"; };
		898751A820EE2BDD00E2B615 /* UBCFavouritesController.h */ = {isa = PBXFileReference; lastKnownFileType = sourcecode.c.h; path = UBCFavouritesController.h; sourceTree = "<group>"; };
		898751A920EE2BDD00E2B615 /* UBCFavouritesController.m */ = {isa = PBXFileReference; lastKnownFileType = sourcecode.c.objc; path = UBCFavouritesController.m; sourceTree = "<group>"; };
		898751B120EE2C4100E2B615 /* UBCLoginController.h */ = {isa = PBXFileReference; lastKnownFileType = sourcecode.c.h; path = UBCLoginController.h; sourceTree = "<group>"; };
		898751B220EE2C4100E2B615 /* UBCLoginController.m */ = {isa = PBXFileReference; lastKnownFileType = sourcecode.c.objc; path = UBCLoginController.m; sourceTree = "<group>"; };
		898751B620EE618B00E2B615 /* UBConnectionProvider.h */ = {isa = PBXFileReference; fileEncoding = 4; lastKnownFileType = sourcecode.c.h; path = UBConnectionProvider.h; sourceTree = "<group>"; };
		898751B820EE618B00E2B615 /* UBConnectionProvider.m */ = {isa = PBXFileReference; fileEncoding = 4; lastKnownFileType = sourcecode.c.objc; path = UBConnectionProvider.m; sourceTree = "<group>"; };
		898751C320EE64EB00E2B615 /* UBCRequestProvider.h */ = {isa = PBXFileReference; lastKnownFileType = sourcecode.c.h; path = UBCRequestProvider.h; sourceTree = "<group>"; };
		898751C420EE64EB00E2B615 /* UBCRequestProvider.m */ = {isa = PBXFileReference; lastKnownFileType = sourcecode.c.objc; path = UBCRequestProvider.m; sourceTree = "<group>"; };
		898751C620EE65C000E2B615 /* UBCKeyChain.h */ = {isa = PBXFileReference; lastKnownFileType = sourcecode.c.h; path = UBCKeyChain.h; sourceTree = "<group>"; };
		898751C720EE65C000E2B615 /* UBCKeyChain.m */ = {isa = PBXFileReference; lastKnownFileType = sourcecode.c.objc; path = UBCKeyChain.m; sourceTree = "<group>"; };
		898751C920EE6AEA00E2B615 /* UBCURLProvider.h */ = {isa = PBXFileReference; lastKnownFileType = sourcecode.c.h; path = UBCURLProvider.h; sourceTree = "<group>"; };
		898751CA20EE6AEA00E2B615 /* UBCURLProvider.m */ = {isa = PBXFileReference; lastKnownFileType = sourcecode.c.objc; path = UBCURLProvider.m; sourceTree = "<group>"; };
		898751CC20EE6D7600E2B615 /* UBCDataProvider.h */ = {isa = PBXFileReference; lastKnownFileType = sourcecode.c.h; path = UBCDataProvider.h; sourceTree = "<group>"; };
		898751CD20EE6D7600E2B615 /* UBCDataProvider.m */ = {isa = PBXFileReference; lastKnownFileType = sourcecode.c.objc; path = UBCDataProvider.m; sourceTree = "<group>"; };
		899E217720E68D8A004D891B /* Ubcoin.app */ = {isa = PBXFileReference; explicitFileType = wrapper.application; includeInIndex = 0; path = Ubcoin.app; sourceTree = BUILT_PRODUCTS_DIR; };
		899E217A20E68D8A004D891B /* UBCAppDelegate.h */ = {isa = PBXFileReference; lastKnownFileType = sourcecode.c.h; path = UBCAppDelegate.h; sourceTree = "<group>"; };
		899E217B20E68D8A004D891B /* UBCAppDelegate.m */ = {isa = PBXFileReference; lastKnownFileType = sourcecode.c.objc; path = UBCAppDelegate.m; sourceTree = "<group>"; };
		89AE1A6D20F7B8F1000662E8 /* UBCFavouritesController.xib */ = {isa = PBXFileReference; lastKnownFileType = file.xib; path = UBCFavouritesController.xib; sourceTree = "<group>"; };
		89AE1A7020F7FDF3000662E8 /* UBCFavouriteCell.h */ = {isa = PBXFileReference; lastKnownFileType = sourcecode.c.h; path = UBCFavouriteCell.h; sourceTree = "<group>"; };
		89AE1A7120F7FDF3000662E8 /* UBCFavouriteCell.m */ = {isa = PBXFileReference; lastKnownFileType = sourcecode.c.objc; path = UBCFavouriteCell.m; sourceTree = "<group>"; };
		89AE1A7220F7FDF3000662E8 /* UBCFavouriteCell.xib */ = {isa = PBXFileReference; lastKnownFileType = file.xib; path = UBCFavouriteCell.xib; sourceTree = "<group>"; };
		89CB110B20EFCDA500729C95 /* HUBCollectionViewWaitCell.h */ = {isa = PBXFileReference; fileEncoding = 4; lastKnownFileType = sourcecode.c.h; path = HUBCollectionViewWaitCell.h; sourceTree = "<group>"; };
		89CB110C20EFCDA500729C95 /* HUBCollectionViewWaitCell.xib */ = {isa = PBXFileReference; fileEncoding = 4; lastKnownFileType = file.xib; path = HUBCollectionViewWaitCell.xib; sourceTree = "<group>"; };
		89CB110D20EFCDA500729C95 /* HUBCollectionViewWaitCell.m */ = {isa = PBXFileReference; fileEncoding = 4; lastKnownFileType = sourcecode.c.objc; path = HUBCollectionViewWaitCell.m; sourceTree = "<group>"; };
		89F16A4F20F2C65D001AA440 /* UBCFiltersListController.m */ = {isa = PBXFileReference; fileEncoding = 4; lastKnownFileType = sourcecode.c.objc; path = UBCFiltersListController.m; sourceTree = "<group>"; };
		89F16A5020F2C65D001AA440 /* UBCFiltersListController.h */ = {isa = PBXFileReference; fileEncoding = 4; lastKnownFileType = sourcecode.c.h; path = UBCFiltersListController.h; sourceTree = "<group>"; };
		89F16A5120F2C65D001AA440 /* UBCMarketController.h */ = {isa = PBXFileReference; fileEncoding = 4; lastKnownFileType = sourcecode.c.h; path = UBCMarketController.h; sourceTree = "<group>"; };
		89F16A5320F2C65D001AA440 /* UBCSellerDM.h */ = {isa = PBXFileReference; fileEncoding = 4; lastKnownFileType = sourcecode.c.h; path = UBCSellerDM.h; sourceTree = "<group>"; };
		89F16A5420F2C65D001AA440 /* UBCGoodDM.m */ = {isa = PBXFileReference; fileEncoding = 4; lastKnownFileType = sourcecode.c.objc; path = UBCGoodDM.m; sourceTree = "<group>"; };
		89F16A5520F2C65D001AA440 /* UBCGoodDM.h */ = {isa = PBXFileReference; fileEncoding = 4; lastKnownFileType = sourcecode.c.h; path = UBCGoodDM.h; sourceTree = "<group>"; };
		89F16A5620F2C65D001AA440 /* UBCSellerDM.m */ = {isa = PBXFileReference; fileEncoding = 4; lastKnownFileType = sourcecode.c.objc; path = UBCSellerDM.m; sourceTree = "<group>"; };
		89F16A5820F2C65D001AA440 /* UBCGoodsCollectionView.m */ = {isa = PBXFileReference; fileEncoding = 4; lastKnownFileType = sourcecode.c.objc; path = UBCGoodsCollectionView.m; sourceTree = "<group>"; };
		89F16A5A20F2C65D001AA440 /* UBCDiscountsCollectionView.h */ = {isa = PBXFileReference; fileEncoding = 4; lastKnownFileType = sourcecode.c.h; path = UBCDiscountsCollectionView.h; sourceTree = "<group>"; };
		89F16A5B20F2C65D001AA440 /* UBCDiscountsCollectionView.xib */ = {isa = PBXFileReference; fileEncoding = 4; lastKnownFileType = file.xib; path = UBCDiscountsCollectionView.xib; sourceTree = "<group>"; };
		89F16A5D20F2C65D001AA440 /* UBCDiscountCollectionViewCell.m */ = {isa = PBXFileReference; fileEncoding = 4; lastKnownFileType = sourcecode.c.objc; path = UBCDiscountCollectionViewCell.m; sourceTree = "<group>"; };
		89F16A5E20F2C65D001AA440 /* UBCDiscountCollectionViewCell.xib */ = {isa = PBXFileReference; fileEncoding = 4; lastKnownFileType = file.xib; path = UBCDiscountCollectionViewCell.xib; sourceTree = "<group>"; };
		89F16A5F20F2C65D001AA440 /* UBCDiscountCollectionViewCell.h */ = {isa = PBXFileReference; fileEncoding = 4; lastKnownFileType = sourcecode.c.h; path = UBCDiscountCollectionViewCell.h; sourceTree = "<group>"; };
		89F16A6020F2C65D001AA440 /* UBCDiscountsCollectionView.m */ = {isa = PBXFileReference; fileEncoding = 4; lastKnownFileType = sourcecode.c.objc; path = UBCDiscountsCollectionView.m; sourceTree = "<group>"; };
		89F16A6220F2C65D001AA440 /* UBCDiscountDM.m */ = {isa = PBXFileReference; fileEncoding = 4; lastKnownFileType = sourcecode.c.objc; path = UBCDiscountDM.m; sourceTree = "<group>"; };
		89F16A6320F2C65D001AA440 /* UBCDiscountDM.h */ = {isa = PBXFileReference; fileEncoding = 4; lastKnownFileType = sourcecode.c.h; path = UBCDiscountDM.h; sourceTree = "<group>"; };
		89F16A6520F2C65D001AA440 /* UBCGoodCell.xib */ = {isa = PBXFileReference; fileEncoding = 4; lastKnownFileType = file.xib; path = UBCGoodCell.xib; sourceTree = "<group>"; };
		89F16A6620F2C65D001AA440 /* UBCGoodCell.m */ = {isa = PBXFileReference; fileEncoding = 4; lastKnownFileType = sourcecode.c.objc; path = UBCGoodCell.m; sourceTree = "<group>"; };
		89F16A6720F2C65D001AA440 /* UBCGoodCell.h */ = {isa = PBXFileReference; fileEncoding = 4; lastKnownFileType = sourcecode.c.h; path = UBCGoodCell.h; sourceTree = "<group>"; };
		89F16A6820F2C65D001AA440 /* UBCGoodsCollectionView.h */ = {isa = PBXFileReference; fileEncoding = 4; lastKnownFileType = sourcecode.c.h; path = UBCGoodsCollectionView.h; sourceTree = "<group>"; };
		89F16A6920F2C65D001AA440 /* UBCMarketController.m */ = {isa = PBXFileReference; fileEncoding = 4; lastKnownFileType = sourcecode.c.objc; path = UBCMarketController.m; sourceTree = "<group>"; };
		8F66F2801638A68DF9CA576B /* Pods-Ubcoin.debug.xcconfig */ = {isa = PBXFileReference; includeInIndex = 1; lastKnownFileType = text.xcconfig; name = "Pods-Ubcoin.debug.xcconfig"; path = "Pods/Target Support Files/Pods-Ubcoin/Pods-Ubcoin.debug.xcconfig"; sourceTree = "<group>"; };
/* End PBXFileReference section */

/* Begin PBXFrameworksBuildPhase section */
		899E217420E68D8A004D891B /* Frameworks */ = {
			isa = PBXFrameworksBuildPhase;
			buildActionMask = 2147483647;
			files = (
				30A0668C891003DF59D2BECC /* libPods-Ubcoin.a in Frameworks */,
			);
			runOnlyForDeploymentPostprocessing = 0;
		};
/* End PBXFrameworksBuildPhase section */

/* Begin PBXGroup section */
		0217AC41E30A3A5536DCBE89 /* Frameworks */ = {
			isa = PBXGroup;
			children = (
				82DD3B2DB73F06ACB93DC3B9 /* libPods-Ubcoin.a */,
			);
			name = Frameworks;
			sourceTree = "<group>";
		};
		1CFFFE6120F0CB12003B5AD9 /* Cells */ = {
			isa = PBXGroup;
			children = (
				1CFFFE6320F0CB3E003B5AD9 /* UBCSPhotoTableViewCell.swift */,
				1CFFFE6F20F0E204003B5AD9 /* UBCSSelectionTableViewCell.swift */,
				1CEFAA4420F3FCBE005719B3 /* UBCSTextFieldTableViewCell.swift */,
				1CFFFE6D20F0DD28003B5AD9 /* UBCSTextViewTableViewCell.swift */,
			);
			path = Cells;
			sourceTree = "<group>";
		};
		1CFFFE6820F0CD3F003B5AD9 /* DM */ = {
			isa = PBXGroup;
			children = (
				1CFFFE6920F0CD3F003B5AD9 /* UBCSellDM.swift */,
			);
			path = DM;
			sourceTree = "<group>";
		};
		1CFFFE7120F2256E003B5AD9 /* Selection */ = {
			isa = PBXGroup;
			children = (
				1CFFFE7220F22599003B5AD9 /* UBCSelectionController.swift */,
			);
			path = Selection;
			sourceTree = "<group>";
		};
		1CFFFE7620F230A9003B5AD9 /* SupportingFiles */ = {
			isa = PBXGroup;
			children = (
				1CFFFE7920F230A9003B5AD9 /* Assets.xcassets */,
				1CFFFE7B20F230A9003B5AD9 /* Info.plist */,
				1CFFFE7820F230A9003B5AD9 /* LaunchScreen.storyboard */,
				1CFFFE7A20F230A9003B5AD9 /* main.m */,
				1C14F19D20F2366900B835AC /* Ubcoin-Bridging-Header.h */,
				1CFFFE7720F230A9003B5AD9 /* Ubcoin-Prefix.pch */,
				1C4034B120F2958100E51247 /* UBCShared.swift */,
			);
			path = SupportingFiles;
			sourceTree = "<group>";
		};
		2CC015D4581DA6B90D45AD31 /* Pods */ = {
			isa = PBXGroup;
			children = (
				8F66F2801638A68DF9CA576B /* Pods-Ubcoin.debug.xcconfig */,
				8133FFCED3512BADEB40D574 /* Pods-Ubcoin.release.xcconfig */,
			);
			name = Pods;
			sourceTree = "<group>";
		};
		89678DA2210CF73E00EB715E /* DM */ = {
			isa = PBXGroup;
			children = (
				89678DA3210CF75500EB715E /* UBCUserDM.h */,
				89678DA4210CF75500EB715E /* UBCUserDM.m */,
			);
			path = DM;
			sourceTree = "<group>";
		};
		89678DA6210DE1E600EB715E /* Toast */ = {
			isa = PBXGroup;
			children = (
				89678DA7210DE28600EB715E /* UBCToast.h */,
				89678DA8210DE28600EB715E /* UBCToast.m */,
			);
			path = Toast;
			sourceTree = "<group>";
		};
		89678DB2210F7F8900EB715E /* TextField */ = {
			isa = PBXGroup;
			children = (
				89678DC52110C5F700EB715E /* UBFloatingPlaceholderTextField.h */,
				89678DC62110C5F700EB715E /* UBFloatingPlaceholderTextField.m */,
				89678DD52112420300EB715E /* UBCPasswordView.h */,
				89678DD62112420300EB715E /* UBCPasswordView.m */,
				89678DED2112430300EB715E /* UBCPasswordView.xib */,
			);
			path = TextField;
			sourceTree = "<group>";
		};
		89678DBE21108D0000EB715E /* Registration */ = {
			isa = PBXGroup;
			children = (
				89678DCE21120EC600EB715E /* Success View */,
				89678D9F210CF12600EB715E /* UBCSignUpController.h */,
				89678DA0210CF12600EB715E /* UBCSignUpController.m */,
				89678DBC21108B5600EB715E /* UBCSignUpController.xib */,
			);
			path = Registration;
			sourceTree = "<group>";
		};
		89678DBF21108D1100EB715E /* Login */ = {
			isa = PBXGroup;
			children = (
				898751B120EE2C4100E2B615 /* UBCLoginController.h */,
				898751B220EE2C4100E2B615 /* UBCLoginController.m */,
				89678DBA21108A6C00EB715E /* UBCLoginController.xib */,
			);
			path = Login;
			sourceTree = "<group>";
		};
		89678DC02110BD7F00EB715E /* Forgot password */ = {
			isa = PBXGroup;
			children = (
				89678DC12110C0AD00EB715E /* UBCForgotPasswordController.swift */,
				89678DC22110C0AD00EB715E /* UBCForgotPasswordController.xib */,
			);
			path = "Forgot password";
			sourceTree = "<group>";
		};
		89678DC82111AFF800EB715E /* Profile */ = {
			isa = PBXGroup;
			children = (
				89678DC92111B02800EB715E /* UBCProfileController.h */,
				89678DCA2111B02800EB715E /* UBCProfileController.m */,
				89678DCB2111B02800EB715E /* UBCProfileController.xib */,
			);
			path = Profile;
			sourceTree = "<group>";
		};
		89678DCE21120EC600EB715E /* Success View */ = {
			isa = PBXGroup;
			children = (
				89678DCF21120F1A00EB715E /* UBCSuccessRegistrationView.h */,
				89678DD021120F1A00EB715E /* UBCSuccessRegistrationView.m */,
				89678DD121120F1A00EB715E /* UBCSuccessRegistrationView.xib */,
			);
			path = "Success View";
			sourceTree = "<group>";
		};
		89678DD82112424E00EB715E /* Password scoring */ = {
			isa = PBXGroup;
			children = (
				89678DD92112424E00EB715E /* generated */,
				89678DDC2112424E00EB715E /* DBScorer.m */,
				89678DDD2112424E00EB715E /* DBZxcvbn.m */,
				89678DDE2112424E00EB715E /* DBMatcher.h */,
				89678DDF2112424E00EB715E /* DBPasswordStrengthMeterView.h */,
				89678DE02112424E00EB715E /* Zxcvbn.h */,
				89678DE12112424E00EB715E /* DBMatcher.m */,
				89678DE22112424E00EB715E /* DBZxcvbn.h */,
				89678DE32112424E00EB715E /* DBScorer.h */,
				89678DE42112424E00EB715E /* DBPasswordStrengthMeterView.m */,
				89678DE52112424E00EB715E /* Info.plist */,
			);
			path = "Password scoring";
			sourceTree = "<group>";
		};
		89678DD92112424E00EB715E /* generated */ = {
			isa = PBXGroup;
			children = (
				89678DDA2112424E00EB715E /* adjacency_graphs.json */,
				89678DDB2112424E00EB715E /* frequency_lists.json */,
			);
			path = generated;
			sourceTree = "<group>";
		};
		8980F22720F3FB4B0066CF99 /* Stars view */ = {
			isa = PBXGroup;
			children = (
				8980F22820F3FB800066CF99 /* UBCStarsView.h */,
				8980F22920F3FB800066CF99 /* UBCStarsView.m */,
			);
			path = "Stars view";
			sourceTree = "<group>";
		};
		8980F23020F416CA0066CF99 /* Info Label */ = {
			isa = PBXGroup;
			children = (
				8980F23420F481BA0066CF99 /* UBCInfoLabel.h */,
				8980F23520F481BA0066CF99 /* UBCInfoLabel.m */,
			);
			path = "Info Label";
			sourceTree = "<group>";
		};
		8980F23720F4865F0066CF99 /* Details */ = {
			isa = PBXGroup;
			children = (
				8980F23D20F495350066CF99 /* Cell */,
				8980F23820F486990066CF99 /* UBCGoodDetailsController.h */,
				8980F23920F486990066CF99 /* UBCGoodDetailsController.m */,
				8980F23A20F486990066CF99 /* UBCGoodDetailsController.xib */,
			);
			path = Details;
			sourceTree = "<group>";
		};
		8980F23D20F495350066CF99 /* Cell */ = {
			isa = PBXGroup;
			children = (
				8980F23E20F4954C0066CF99 /* UBCPhotoCollectionViewCell.h */,
				8980F23F20F4954C0066CF99 /* UBCPhotoCollectionViewCell.m */,
				8980F24020F4954C0066CF99 /* UBCPhotoCollectionViewCell.xib */,
			);
			path = Cell;
			sourceTree = "<group>";
		};
		8980F24320F505220066CF99 /* Categories */ = {
			isa = PBXGroup;
			children = (
				8980F24420F5053F0066CF99 /* DM */,
			);
			path = Categories;
			sourceTree = "<group>";
		};
		8980F24420F5053F0066CF99 /* DM */ = {
			isa = PBXGroup;
			children = (
				8980F24520F505550066CF99 /* UBCCategoryDM.h */,
				8980F24620F505550066CF99 /* UBCCategoryDM.m */,
			);
			path = DM;
			sourceTree = "<group>";
		};
		898750FA20EE119F00E2B615 /* Class */ = {
			isa = PBXGroup;
			children = (
				898750FB20EE119F00E2B615 /* Controls */,
				8987514C20EE119F00E2B615 /* HelpersClass */,
			);
			path = Class;
			sourceTree = "<group>";
		};
		898750FB20EE119F00E2B615 /* Controls */ = {
			isa = PBXGroup;
			children = (
				8987514920EE119F00E2B615 /* Alert Table */,
				8987514120EE119F00E2B615 /* AlertWindow */,
				8987512020EE119F00E2B615 /* Buttons */,
				8987514520EE119F00E2B615 /* Collection View */,
				8987513020EE119F00E2B615 /* CollectionViewFlow */,
				898751E220EFCB6B00E2B615 /* Empty View */,
				8987513E20EE119F00E2B615 /* HUBAttributedLabel */,
				8987512D20EE119F00E2B615 /* HUBLabel */,
				8980F23020F416CA0066CF99 /* Info Label */,
				8987513B20EE119F00E2B615 /* MapView */,
				898750FC20EE119F00E2B615 /* MigrationView */,
				898750FF20EE119F00E2B615 /* NavigationBarView */,
				8987513820EE119F00E2B615 /* Picker View */,
				8987510320EE119F00E2B615 /* ScrollView */,
				8980F22720F3FB4B0066CF99 /* Stars view */,
				8987513320EE119F00E2B615 /* SwitchCollectionView */,
				8987510620EE119F00E2B615 /* TableView */,
				89678DB2210F7F8900EB715E /* TextField */,
				8987511D20EE119F00E2B615 /* TextView */,
				89678DA6210DE1E600EB715E /* Toast */,
			);
			path = Controls;
			sourceTree = "<group>";
		};
		898750FC20EE119F00E2B615 /* MigrationView */ = {
			isa = PBXGroup;
			children = (
				898750FE20EE119F00E2B615 /* UBMigrationView.h */,
				898750FD20EE119F00E2B615 /* UBMigrationView.m */,
			);
			path = MigrationView;
			sourceTree = "<group>";
		};
		898750FF20EE119F00E2B615 /* NavigationBarView */ = {
			isa = PBXGroup;
			children = (
				8987510120EE119F00E2B615 /* HUBNavigationBarView.h */,
				8987510220EE119F00E2B615 /* HUBNavigationBarView.m */,
				8987510020EE119F00E2B615 /* HUBNavigationBarView.xib */,
			);
			path = NavigationBarView;
			sourceTree = "<group>";
		};
		8987510320EE119F00E2B615 /* ScrollView */ = {
			isa = PBXGroup;
			children = (
				8987510520EE119F00E2B615 /* HUBScrollView.h */,
				8987510420EE119F00E2B615 /* HUBScrollView.m */,
			);
			path = ScrollView;
			sourceTree = "<group>";
		};
		8987510620EE119F00E2B615 /* TableView */ = {
			isa = PBXGroup;
			children = (
				8987510720EE119F00E2B615 /* Cells */,
				8987511320EE119F00E2B615 /* Header */,
				8987510F20EE119F00E2B615 /* UBDefaultTableView.h */,
				8987511120EE119F00E2B615 /* UBDefaultTableView.m */,
				8987511020EE119F00E2B615 /* UBTableView.h */,
				8987511220EE119F00E2B615 /* UBTableView.m */,
			);
			path = TableView;
			sourceTree = "<group>";
		};
		8987510720EE119F00E2B615 /* Cells */ = {
			isa = PBXGroup;
			children = (
				8987510C20EE119F00E2B615 /* HUBSystemAlertCell.h */,
				8987510A20EE119F00E2B615 /* HUBSystemAlertCell.m */,
				8987510E20EE119F00E2B615 /* HUBSystemAlertCell.xib */,
				8987510B20EE119F00E2B615 /* UBDefaultTableViewCell.h */,
				8987510820EE119F00E2B615 /* UBDefaultTableViewCell.m */,
				8987510920EE119F00E2B615 /* UBSwitchTableViewCell.h */,
				8987510D20EE119F00E2B615 /* UBSwitchTableViewCell.m */,
				8987519620EE23A100E2B615 /* UBWaitCell.h */,
				8987519720EE23A100E2B615 /* UBWaitCell.m */,
				8987519820EE23A100E2B615 /* UBWaitCell.xib */,
			);
			path = Cells;
			sourceTree = "<group>";
		};
		8987511320EE119F00E2B615 /* Header */ = {
			isa = PBXGroup;
			children = (
				8987511A20EE119F00E2B615 /* UBExpandableTableViewSectionHeader.h */,
				8987511520EE119F00E2B615 /* UBExpandableTableViewSectionHeader.m */,
				8987511620EE119F00E2B615 /* UBExpandableTableViewSectionHeader.xib */,
				8987511820EE119F00E2B615 /* UBSectionHeaderView.h */,
				8987511B20EE119F00E2B615 /* UBSectionHeaderView.m */,
				8987511420EE119F00E2B615 /* UBSectionHeaderView.xib */,
				8987511C20EE119F00E2B615 /* UBTableHeaderView.h */,
				8987511720EE119F00E2B615 /* UBTableHeaderView.m */,
				8987511920EE119F00E2B615 /* UBTableHeaderView.xib */,
			);
			path = Header;
			sourceTree = "<group>";
		};
		8987511D20EE119F00E2B615 /* TextView */ = {
			isa = PBXGroup;
			children = (
				8987511F20EE119F00E2B615 /* HUBTextView.h */,
				8987511E20EE119F00E2B615 /* HUBTextView.m */,
			);
			path = TextView;
			sourceTree = "<group>";
		};
		8987512020EE119F00E2B615 /* Buttons */ = {
			isa = PBXGroup;
			children = (
				8987512220EE119F00E2B615 /* HUBGeneralButton.h */,
				8987512120EE119F00E2B615 /* HUBGeneralButton.m */,
			);
			path = Buttons;
			sourceTree = "<group>";
		};
		8987512D20EE119F00E2B615 /* HUBLabel */ = {
			isa = PBXGroup;
			children = (
				8987512F20EE119F00E2B615 /* HUBLabel.h */,
				8987512E20EE119F00E2B615 /* HUBLabel.m */,
			);
			path = HUBLabel;
			sourceTree = "<group>";
		};
		8987513020EE119F00E2B615 /* CollectionViewFlow */ = {
			isa = PBXGroup;
			children = (
				8987513120EE119F00E2B615 /* HUBSpringyCollectionViewFlowLayout.h */,
				8987513220EE119F00E2B615 /* HUBSpringyCollectionViewFlowLayout.m */,
			);
			path = CollectionViewFlow;
			sourceTree = "<group>";
		};
		8987513320EE119F00E2B615 /* SwitchCollectionView */ = {
			isa = PBXGroup;
			children = (
				8987513620EE119F00E2B615 /* UBCollectionViewSwitch.h */,
				8987513420EE119F00E2B615 /* UBCollectionViewSwitch.m */,
				8987513520EE119F00E2B615 /* UBCollectionViewSwitchContent.h */,
				8987513720EE119F00E2B615 /* UBCollectionViewSwitchContent.m */,
			);
			path = SwitchCollectionView;
			sourceTree = "<group>";
		};
		8987513820EE119F00E2B615 /* Picker View */ = {
			isa = PBXGroup;
			children = (
				8987513A20EE119F00E2B615 /* UBPickerView.h */,
				8987513920EE119F00E2B615 /* UBPickerView.m */,
			);
			path = "Picker View";
			sourceTree = "<group>";
		};
		8987513B20EE119F00E2B615 /* MapView */ = {
			isa = PBXGroup;
			children = (
				8987513D20EE119F00E2B615 /* HUBBaseMapView.h */,
				8987513C20EE119F00E2B615 /* HUBBaseMapView.m */,
			);
			path = MapView;
			sourceTree = "<group>";
		};
		8987513E20EE119F00E2B615 /* HUBAttributedLabel */ = {
			isa = PBXGroup;
			children = (
				8987514020EE119F00E2B615 /* HUBAttributedLabel.h */,
				8987513F20EE119F00E2B615 /* HUBAttributedLabel.m */,
			);
			path = HUBAttributedLabel;
			sourceTree = "<group>";
		};
		8987514120EE119F00E2B615 /* AlertWindow */ = {
			isa = PBXGroup;
			children = (
				8987514420EE119F00E2B615 /* UBAlertWindow.h */,
				8987514320EE119F00E2B615 /* UBAlertWindow.m */,
				8987514220EE119F00E2B615 /* UBAlertWindow.xib */,
			);
			path = AlertWindow;
			sourceTree = "<group>";
		};
		8987514520EE119F00E2B615 /* Collection View */ = {
			isa = PBXGroup;
			children = (
				898751E320EFCB7A00E2B615 /* Wait cell */,
			);
			path = "Collection View";
			sourceTree = "<group>";
		};
		8987514920EE119F00E2B615 /* Alert Table */ = {
			isa = PBXGroup;
			children = (
				8987514B20EE119F00E2B615 /* UBAlertTableView.h */,
				8987514A20EE119F00E2B615 /* UBAlertTableView.m */,
			);
			path = "Alert Table";
			sourceTree = "<group>";
		};
		8987514C20EE119F00E2B615 /* HelpersClass */ = {
			isa = PBXGroup;
			children = (
				8987515920EE119F00E2B615 /* Constants */,
				8987515E20EE119F00E2B615 /* KeyChain */,
				8987515620EE119F00E2B615 /* Location */,
				89678DD82112424E00EB715E /* Password scoring */,
				8987515B20EE119F00E2B615 /* Permissions */,
			);
			path = HelpersClass;
			sourceTree = "<group>";
		};
		8987515620EE119F00E2B615 /* Location */ = {
			isa = PBXGroup;
			children = (
				8987515820EE119F00E2B615 /* UBLocationManager.h */,
				8987515720EE119F00E2B615 /* UBLocationManager.m */,
			);
			path = Location;
			sourceTree = "<group>";
		};
		8987515920EE119F00E2B615 /* Constants */ = {
			isa = PBXGroup;
			children = (
				8987515A20EE119F00E2B615 /* HUBConstants.h */,
			);
			path = Constants;
			sourceTree = "<group>";
		};
		8987515B20EE119F00E2B615 /* Permissions */ = {
			isa = PBXGroup;
			children = (
				8987515D20EE119F00E2B615 /* HUBPermissions.h */,
				8987515C20EE119F00E2B615 /* HUBPermissions.m */,
			);
			path = Permissions;
			sourceTree = "<group>";
		};
		8987515E20EE119F00E2B615 /* KeyChain */ = {
			isa = PBXGroup;
			children = (
				898751C620EE65C000E2B615 /* UBCKeyChain.h */,
				898751C720EE65C000E2B615 /* UBCKeyChain.m */,
			);
			path = KeyChain;
			sourceTree = "<group>";
		};
		8987519B20EE2A4E00E2B615 /* View Controllers */ = {
			isa = PBXGroup;
			children = (
				89678DC82111AFF800EB715E /* Profile */,
				898751A120EE2B4F00E2B615 /* Chat */,
				898751A320EE2B5000E2B615 /* Favourites */,
				898751A220EE2B5000E2B615 /* Login */,
				89F16A4D20F2C65D001AA440 /* Market */,
				1CFFFE7120F2256E003B5AD9 /* Selection */,
				898751A420EE2B5000E2B615 /* Sell */,
				8987519C20EE2A6100E2B615 /* Tab bar */,
			);
			path = "View Controllers";
			sourceTree = "<group>";
		};
		8987519C20EE2A6100E2B615 /* Tab bar */ = {
			isa = PBXGroup;
			children = (
				8987519D20EE2A8B00E2B615 /* UBCTabBarController.h */,
				8987519E20EE2A8B00E2B615 /* UBCTabBarController.m */,
			);
			path = "Tab bar";
			sourceTree = "<group>";
		};
		898751A120EE2B4F00E2B615 /* Chat */ = {
			isa = PBXGroup;
			children = (
				898751A520EE2BBD00E2B615 /* UBCChatController.h */,
				898751A620EE2BBD00E2B615 /* UBCChatController.m */,
				8981369A20F5678D00DF6B7F /* UBCChatController.xib */,
			);
			path = Chat;
			sourceTree = "<group>";
		};
		898751A220EE2B5000E2B615 /* Login */ = {
			isa = PBXGroup;
			children = (
				89678DC02110BD7F00EB715E /* Forgot password */,
				89678DA2210CF73E00EB715E /* DM */,
				89678DBF21108D1100EB715E /* Login */,
				89678DBE21108D0000EB715E /* Registration */,
				89678D9D210CED2900EB715E /* UBCStartLoginController.swift */,
				89678DB8211088C600EB715E /* UBCStartLoginController.xib */,
			);
			path = Login;
			sourceTree = "<group>";
		};
		898751A320EE2B5000E2B615 /* Favourites */ = {
			isa = PBXGroup;
			children = (
				89AE1A6F20F7FDC2000662E8 /* Cell */,
				898751A820EE2BDD00E2B615 /* UBCFavouritesController.h */,
				898751A920EE2BDD00E2B615 /* UBCFavouritesController.m */,
				89AE1A6D20F7B8F1000662E8 /* UBCFavouritesController.xib */,
			);
			path = Favourites;
			sourceTree = "<group>";
		};
		898751A420EE2B5000E2B615 /* Sell */ = {
			isa = PBXGroup;
			children = (
				1CFFFE6120F0CB12003B5AD9 /* Cells */,
				1CFFFE6820F0CD3F003B5AD9 /* DM */,
				1CFFFE6B20F0D0F8003B5AD9 /* UBCSellController.swift */,
				1C14F19E20F2655800B835AC /* UBCMapSelectController.swift */,
			);
			path = Sell;
			sourceTree = "<group>";
		};
		898751B420EE618B00E2B615 /* Network */ = {
			isa = PBXGroup;
			children = (
				898751B520EE618B00E2B615 /* Connection */,
				898751BA20EE618B00E2B615 /* Request */,
				898751CC20EE6D7600E2B615 /* UBCDataProvider.h */,
				898751CD20EE6D7600E2B615 /* UBCDataProvider.m */,
			);
			path = Network;
			sourceTree = "<group>";
		};
		898751B520EE618B00E2B615 /* Connection */ = {
			isa = PBXGroup;
			children = (
				898751B620EE618B00E2B615 /* UBConnectionProvider.h */,
				898751B820EE618B00E2B615 /* UBConnectionProvider.m */,
			);
			path = Connection;
			sourceTree = "<group>";
		};
		898751BA20EE618B00E2B615 /* Request */ = {
			isa = PBXGroup;
			children = (
				898751C320EE64EB00E2B615 /* UBCRequestProvider.h */,
				898751C420EE64EB00E2B615 /* UBCRequestProvider.m */,
				898751C920EE6AEA00E2B615 /* UBCURLProvider.h */,
				898751CA20EE6AEA00E2B615 /* UBCURLProvider.m */,
			);
			path = Request;
			sourceTree = "<group>";
		};
		898751E220EFCB6B00E2B615 /* Empty View */ = {
			isa = PBXGroup;
			children = (
				8987514620EE119F00E2B615 /* HUBEmptyView.h */,
				8987514720EE119F00E2B615 /* HUBEmptyView.m */,
				8987514820EE119F00E2B615 /* HUBEmptyView.xib */,
			);
			path = "Empty View";
			sourceTree = "<group>";
		};
		898751E320EFCB7A00E2B615 /* Wait cell */ = {
			isa = PBXGroup;
			children = (
				89CB110B20EFCDA500729C95 /* HUBCollectionViewWaitCell.h */,
				89CB110D20EFCDA500729C95 /* HUBCollectionViewWaitCell.m */,
				89CB110C20EFCDA500729C95 /* HUBCollectionViewWaitCell.xib */,
			);
			path = "Wait cell";
			sourceTree = "<group>";
		};
		899E216E20E68D8A004D891B = {
			isa = PBXGroup;
			children = (
				899E217920E68D8A004D891B /* Ubcoin */,
				0217AC41E30A3A5536DCBE89 /* Frameworks */,
				2CC015D4581DA6B90D45AD31 /* Pods */,
				899E217820E68D8A004D891B /* Products */,
			);
			sourceTree = "<group>";
		};
		899E217820E68D8A004D891B /* Products */ = {
			isa = PBXGroup;
			children = (
				899E217720E68D8A004D891B /* Ubcoin.app */,
			);
			name = Products;
			sourceTree = "<group>";
		};
		899E217920E68D8A004D891B /* Ubcoin */ = {
			isa = PBXGroup;
			children = (
				898750FA20EE119F00E2B615 /* Class */,
				898751B420EE618B00E2B615 /* Network */,
				8987519B20EE2A4E00E2B615 /* View Controllers */,
				899E217A20E68D8A004D891B /* UBCAppDelegate.h */,
				899E217B20E68D8A004D891B /* UBCAppDelegate.m */,
				1CFFFE7620F230A9003B5AD9 /* SupportingFiles */,
			);
			path = Ubcoin;
			sourceTree = "<group>";
		};
		89AE1A6F20F7FDC2000662E8 /* Cell */ = {
			isa = PBXGroup;
			children = (
				89AE1A7020F7FDF3000662E8 /* UBCFavouriteCell.h */,
				89AE1A7120F7FDF3000662E8 /* UBCFavouriteCell.m */,
				89AE1A7220F7FDF3000662E8 /* UBCFavouriteCell.xib */,
			);
			path = Cell;
			sourceTree = "<group>";
		};
		89F16A4D20F2C65D001AA440 /* Market */ = {
			isa = PBXGroup;
			children = (
				8980F24320F505220066CF99 /* Categories */,
				8980F23720F4865F0066CF99 /* Details */,
				89F16A5220F2C65D001AA440 /* DM */,
				89F16A4E20F2C65D001AA440 /* Filters */,
				89F16A5720F2C65D001AA440 /* View */,
				89F16A5120F2C65D001AA440 /* UBCMarketController.h */,
				89F16A6920F2C65D001AA440 /* UBCMarketController.m */,
			);
			path = Market;
			sourceTree = "<group>";
		};
		89F16A4E20F2C65D001AA440 /* Filters */ = {
			isa = PBXGroup;
			children = (
				89F16A5020F2C65D001AA440 /* UBCFiltersListController.h */,
				89F16A4F20F2C65D001AA440 /* UBCFiltersListController.m */,
			);
			path = Filters;
			sourceTree = "<group>";
		};
		89F16A5220F2C65D001AA440 /* DM */ = {
			isa = PBXGroup;
			children = (
				89F16A5520F2C65D001AA440 /* UBCGoodDM.h */,
				89F16A5420F2C65D001AA440 /* UBCGoodDM.m */,
				89F16A5320F2C65D001AA440 /* UBCSellerDM.h */,
				89F16A5620F2C65D001AA440 /* UBCSellerDM.m */,
			);
			path = DM;
			sourceTree = "<group>";
		};
		89F16A5720F2C65D001AA440 /* View */ = {
			isa = PBXGroup;
			children = (
				89F16A6420F2C65D001AA440 /* Cell */,
				89F16A5920F2C65D001AA440 /* Discounts */,
				89F16A6820F2C65D001AA440 /* UBCGoodsCollectionView.h */,
				89F16A5820F2C65D001AA440 /* UBCGoodsCollectionView.m */,
			);
			path = View;
			sourceTree = "<group>";
		};
		89F16A5920F2C65D001AA440 /* Discounts */ = {
			isa = PBXGroup;
			children = (
				89F16A5C20F2C65D001AA440 /* Cell */,
				89F16A6120F2C65D001AA440 /* DM */,
				89F16A5A20F2C65D001AA440 /* UBCDiscountsCollectionView.h */,
				89F16A6020F2C65D001AA440 /* UBCDiscountsCollectionView.m */,
				89F16A5B20F2C65D001AA440 /* UBCDiscountsCollectionView.xib */,
			);
			path = Discounts;
			sourceTree = "<group>";
		};
		89F16A5C20F2C65D001AA440 /* Cell */ = {
			isa = PBXGroup;
			children = (
				89F16A5F20F2C65D001AA440 /* UBCDiscountCollectionViewCell.h */,
				89F16A5D20F2C65D001AA440 /* UBCDiscountCollectionViewCell.m */,
				89F16A5E20F2C65D001AA440 /* UBCDiscountCollectionViewCell.xib */,
			);
			path = Cell;
			sourceTree = "<group>";
		};
		89F16A6120F2C65D001AA440 /* DM */ = {
			isa = PBXGroup;
			children = (
				89F16A6320F2C65D001AA440 /* UBCDiscountDM.h */,
				89F16A6220F2C65D001AA440 /* UBCDiscountDM.m */,
			);
			path = DM;
			sourceTree = "<group>";
		};
		89F16A6420F2C65D001AA440 /* Cell */ = {
			isa = PBXGroup;
			children = (
				89F16A6720F2C65D001AA440 /* UBCGoodCell.h */,
				89F16A6620F2C65D001AA440 /* UBCGoodCell.m */,
				89F16A6520F2C65D001AA440 /* UBCGoodCell.xib */,
			);
			path = Cell;
			sourceTree = "<group>";
		};
/* End PBXGroup section */

/* Begin PBXNativeTarget section */
		899E217620E68D8A004D891B /* Ubcoin */ = {
			isa = PBXNativeTarget;
			buildConfigurationList = 899E218D20E68D8C004D891B /* Build configuration list for PBXNativeTarget "Ubcoin" */;
			buildPhases = (
				F9136AB4A7CDD4439AB8F29C /* [CP] Check Pods Manifest.lock */,
				899E217320E68D8A004D891B /* Sources */,
				899E217420E68D8A004D891B /* Frameworks */,
				899E217520E68D8A004D891B /* Resources */,
				D7FBA2A30FBED1FB60A62674 /* [CP] Copy Pods Resources */,
			);
			buildRules = (
			);
			dependencies = (
			);
			name = Ubcoin;
			productName = Ubcoin;
			productReference = 899E217720E68D8A004D891B /* Ubcoin.app */;
			productType = "com.apple.product-type.application";
		};
/* End PBXNativeTarget section */

/* Begin PBXProject section */
		899E216F20E68D8A004D891B /* Project object */ = {
			isa = PBXProject;
			attributes = {
				CLASSPREFIX = UBC;
				LastUpgradeCheck = 1000;
				ORGANIZATIONNAME = UBANK;
				TargetAttributes = {
					899E217620E68D8A004D891B = {
						CreatedOnToolsVersion = 9.4;
						LastSwiftMigration = 1000;
					};
				};
			};
			buildConfigurationList = 899E217220E68D8A004D891B /* Build configuration list for PBXProject "Ubcoin" */;
			compatibilityVersion = "Xcode 9.3";
			developmentRegion = en;
			hasScannedForEncodings = 0;
			knownRegions = (
				en,
				Base,
			);
			mainGroup = 899E216E20E68D8A004D891B;
			productRefGroup = 899E217820E68D8A004D891B /* Products */;
			projectDirPath = "";
			projectRoot = "";
			targets = (
				899E217620E68D8A004D891B /* Ubcoin */,
			);
		};
/* End PBXProject section */

/* Begin PBXResourcesBuildPhase section */
		899E217520E68D8A004D891B /* Resources */ = {
			isa = PBXResourcesBuildPhase;
			buildActionMask = 2147483647;
			files = (
				89AE1A7420F7FDF3000662E8 /* UBCFavouriteCell.xib in Resources */,
				8987518720EE119F00E2B615 /* UBAlertWindow.xib in Resources */,
				89678DEE2112430300EB715E /* UBCPasswordView.xib in Resources */,
				89678DBB21108A6C00EB715E /* UBCLoginController.xib in Resources */,
				8981369B20F5678D00DF6B7F /* UBCChatController.xib in Resources */,
				8980F23C20F486990066CF99 /* UBCGoodDetailsController.xib in Resources */,
				89678DE72112424E00EB715E /* frequency_lists.json in Resources */,
				8987517120EE119F00E2B615 /* HUBSystemAlertCell.xib in Resources */,
				89F16A7020F2C65D001AA440 /* UBCDiscountCollectionViewCell.xib in Resources */,
				89678DD321120F1A00EB715E /* UBCSuccessRegistrationView.xib in Resources */,
				8987517820EE119F00E2B615 /* UBTableHeaderView.xib in Resources */,
				8987516B20EE119F00E2B615 /* HUBNavigationBarView.xib in Resources */,
				89F16A6E20F2C65D001AA440 /* UBCDiscountsCollectionView.xib in Resources */,
				1CFFFE7D20F230A9003B5AD9 /* Assets.xcassets in Resources */,
				8987518A20EE119F00E2B615 /* HUBEmptyView.xib in Resources */,
				89678DB9211088C600EB715E /* UBCStartLoginController.xib in Resources */,
				89678DBD21108B5600EB715E /* UBCSignUpController.xib in Resources */,
				89CB110E20EFCDA500729C95 /* HUBCollectionViewWaitCell.xib in Resources */,
				8980F24220F4954C0066CF99 /* UBCPhotoCollectionViewCell.xib in Resources */,
				89678DCD2111B02800EB715E /* UBCProfileController.xib in Resources */,
				89F16A7320F2C65D001AA440 /* UBCGoodCell.xib in Resources */,
				89678DEC2112424E00EB715E /* Info.plist in Resources */,
				8987519A20EE23A100E2B615 /* UBWaitCell.xib in Resources */,
				1CFFFE7C20F230A9003B5AD9 /* LaunchScreen.storyboard in Resources */,
				89678DC42110C0AD00EB715E /* UBCForgotPasswordController.xib in Resources */,
				8987517420EE119F00E2B615 /* UBSectionHeaderView.xib in Resources */,
				89678DE62112424E00EB715E /* adjacency_graphs.json in Resources */,
				89AE1A6E20F7B8F1000662E8 /* UBCFavouritesController.xib in Resources */,
				8987517620EE119F00E2B615 /* UBExpandableTableViewSectionHeader.xib in Resources */,
			);
			runOnlyForDeploymentPostprocessing = 0;
		};
/* End PBXResourcesBuildPhase section */

/* Begin PBXShellScriptBuildPhase section */
		D7FBA2A30FBED1FB60A62674 /* [CP] Copy Pods Resources */ = {
			isa = PBXShellScriptBuildPhase;
			buildActionMask = 2147483647;
			files = (
			);
			inputPaths = (
				"${SRCROOT}/Pods/Target Support Files/Pods-Ubcoin/Pods-Ubcoin-resources.sh",
				"${PODS_ROOT}/GoogleMaps/Maps/Frameworks/GoogleMaps.framework/Resources/GoogleMaps.bundle",
			);
			name = "[CP] Copy Pods Resources";
			outputPaths = (
				"${TARGET_BUILD_DIR}/${UNLOCALIZED_RESOURCES_FOLDER_PATH}/GoogleMaps.bundle",
			);
			runOnlyForDeploymentPostprocessing = 0;
			shellPath = /bin/sh;
			shellScript = "\"${SRCROOT}/Pods/Target Support Files/Pods-Ubcoin/Pods-Ubcoin-resources.sh\"\n";
			showEnvVarsInLog = 0;
		};
		F9136AB4A7CDD4439AB8F29C /* [CP] Check Pods Manifest.lock */ = {
			isa = PBXShellScriptBuildPhase;
			buildActionMask = 2147483647;
			files = (
			);
			inputPaths = (
				"${PODS_PODFILE_DIR_PATH}/Podfile.lock",
				"${PODS_ROOT}/Manifest.lock",
			);
			name = "[CP] Check Pods Manifest.lock";
			outputPaths = (
				"$(DERIVED_FILE_DIR)/Pods-Ubcoin-checkManifestLockResult.txt",
			);
			runOnlyForDeploymentPostprocessing = 0;
			shellPath = /bin/sh;
			shellScript = "diff \"${PODS_PODFILE_DIR_PATH}/Podfile.lock\" \"${PODS_ROOT}/Manifest.lock\" > /dev/null\nif [ $? != 0 ] ; then\n    # print error to STDERR\n    echo \"error: The sandbox is not in sync with the Podfile.lock. Run 'pod install' or update your CocoaPods installation.\" >&2\n    exit 1\nfi\n# This output is used by Xcode 'outputs' to avoid re-running this script phase.\necho \"SUCCESS\" > \"${SCRIPT_OUTPUT_FILE_0}\"\n";
			showEnvVarsInLog = 0;
		};
/* End PBXShellScriptBuildPhase section */

/* Begin PBXSourcesBuildPhase section */
		899E217320E68D8A004D891B /* Sources */ = {
			isa = PBXSourcesBuildPhase;
			buildActionMask = 2147483647;
			files = (
				89678DD221120F1A00EB715E /* UBCSuccessRegistrationView.m in Sources */,
				89678D9E210CED2900EB715E /* UBCStartLoginController.swift in Sources */,
				89F16A7220F2C65D001AA440 /* UBCDiscountDM.m in Sources */,
				898751C520EE64EB00E2B615 /* UBCRequestProvider.m in Sources */,
				8987518420EE119F00E2B615 /* UBPickerView.m in Sources */,
				89678DA1210CF12600EB715E /* UBCSignUpController.m in Sources */,
				8987517920EE119F00E2B615 /* UBSectionHeaderView.m in Sources */,
				1C4034B220F2958100E51247 /* UBCShared.swift in Sources */,
				89F16A7120F2C65D001AA440 /* UBCDiscountsCollectionView.m in Sources */,
				8980F23B20F486990066CF99 /* UBCGoodDetailsController.m in Sources */,
				8987519920EE23A100E2B615 /* UBWaitCell.m in Sources */,
				898751B320EE2C4100E2B615 /* UBCLoginController.m in Sources */,
				8987517720EE119F00E2B615 /* UBTableHeaderView.m in Sources */,
				8987517A20EE119F00E2B615 /* HUBTextView.m in Sources */,
				8987518820EE119F00E2B615 /* UBAlertWindow.m in Sources */,
				8987516A20EE119F00E2B615 /* UBMigrationView.m in Sources */,
				8987519020EE119F00E2B615 /* HUBPermissions.m in Sources */,
				8987517020EE119F00E2B615 /* UBSwitchTableViewCell.m in Sources */,
				89F16A6D20F2C65D001AA440 /* UBCGoodsCollectionView.m in Sources */,
				8987516E20EE119F00E2B615 /* UBDefaultTableViewCell.m in Sources */,
				89F16A6C20F2C65D001AA440 /* UBCSellerDM.m in Sources */,
				8987517B20EE119F00E2B615 /* HUBGeneralButton.m in Sources */,
				898751A720EE2BBD00E2B615 /* UBCChatController.m in Sources */,
				8987518920EE119F00E2B615 /* HUBEmptyView.m in Sources */,
				8987518020EE119F00E2B615 /* HUBLabel.m in Sources */,
				898751CB20EE6AEA00E2B615 /* UBCURLProvider.m in Sources */,
				8987517320EE119F00E2B615 /* UBTableView.m in Sources */,
				8987518620EE119F00E2B615 /* HUBAttributedLabel.m in Sources */,
				8987518B20EE119F00E2B615 /* UBAlertTableView.m in Sources */,
				8987518320EE119F00E2B615 /* UBCollectionViewSwitchContent.m in Sources */,
				8987519F20EE2A8B00E2B615 /* UBCTabBarController.m in Sources */,
				8980F22A20F3FB800066CF99 /* UBCStarsView.m in Sources */,
				1CFFFE7E20F230A9003B5AD9 /* main.m in Sources */,
				8987516F20EE119F00E2B615 /* HUBSystemAlertCell.m in Sources */,
				1CEFAA4520F3FCBE005719B3 /* UBCSTextFieldTableViewCell.swift in Sources */,
				89F16A6A20F2C65D001AA440 /* UBCFiltersListController.m in Sources */,
				89678DEA2112424E00EB715E /* DBMatcher.m in Sources */,
				1CFFFE6A20F0CD3F003B5AD9 /* UBCSellDM.swift in Sources */,
				1CFFFE6C20F0D0F8003B5AD9 /* UBCSellController.swift in Sources */,
				1CFFFE7320F22599003B5AD9 /* UBCSelectionController.swift in Sources */,
				8987518520EE119F00E2B615 /* HUBBaseMapView.m in Sources */,
				89CB110F20EFCDA500729C95 /* HUBCollectionViewWaitCell.m in Sources */,
				89AE1A7320F7FDF3000662E8 /* UBCFavouriteCell.m in Sources */,
				1CFFFE6420F0CB3E003B5AD9 /* UBCSPhotoTableViewCell.swift in Sources */,
				8980F24720F505550066CF99 /* UBCCategoryDM.m in Sources */,
				8987518120EE119F00E2B615 /* HUBSpringyCollectionViewFlowLayout.m in Sources */,
				1CFFFE7020F0E204003B5AD9 /* UBCSSelectionTableViewCell.swift in Sources */,
				89678DCC2111B02800EB715E /* UBCProfileController.m in Sources */,
				8987518220EE119F00E2B615 /* UBCollectionViewSwitch.m in Sources */,
				8980F23620F481BA0066CF99 /* UBCInfoLabel.m in Sources */,
				89678DEB2112424E00EB715E /* DBPasswordStrengthMeterView.m in Sources */,
				8987516D20EE119F00E2B615 /* HUBScrollView.m in Sources */,
				89678DE92112424E00EB715E /* DBZxcvbn.m in Sources */,
				89678DA5210CF75500EB715E /* UBCUserDM.m in Sources */,
				89678DC32110C0AD00EB715E /* UBCForgotPasswordController.swift in Sources */,
				89F16A7520F2C65D001AA440 /* UBCMarketController.m in Sources */,
				8987516C20EE119F00E2B615 /* HUBNavigationBarView.m in Sources */,
				8987518F20EE119F00E2B615 /* UBLocationManager.m in Sources */,
				1CFFFE6E20F0DD28003B5AD9 /* UBCSTextViewTableViewCell.swift in Sources */,
				8987517220EE119F00E2B615 /* UBDefaultTableView.m in Sources */,
				89678DE82112424E00EB715E /* DBScorer.m in Sources */,
				899E217C20E68D8A004D891B /* UBCAppDelegate.m in Sources */,
				89F16A6F20F2C65D001AA440 /* UBCDiscountCollectionViewCell.m in Sources */,
				898751AA20EE2BDD00E2B615 /* UBCFavouritesController.m in Sources */,
				898751C020EE618B00E2B615 /* UBConnectionProvider.m in Sources */,
				8987517520EE119F00E2B615 /* UBExpandableTableViewSectionHeader.m in Sources */,
				1C14F19F20F2655800B835AC /* UBCMapSelectController.swift in Sources */,
				89678DA9210DE28600EB715E /* UBCToast.m in Sources */,
				89678DC72110C5F700EB715E /* UBFloatingPlaceholderTextField.m in Sources */,
				898751C820EE65C000E2B615 /* UBCKeyChain.m in Sources */,
				89678DD72112420300EB715E /* UBCPasswordView.m in Sources */,
				898751CE20EE6D7600E2B615 /* UBCDataProvider.m in Sources */,
				89F16A7420F2C65D001AA440 /* UBCGoodCell.m in Sources */,
				8980F24120F4954C0066CF99 /* UBCPhotoCollectionViewCell.m in Sources */,
				89F16A6B20F2C65D001AA440 /* UBCGoodDM.m in Sources */,
			);
			runOnlyForDeploymentPostprocessing = 0;
		};
/* End PBXSourcesBuildPhase section */

/* Begin XCBuildConfiguration section */
		899E218B20E68D8C004D891B /* Debug */ = {
			isa = XCBuildConfiguration;
			buildSettings = {
				ALWAYS_SEARCH_USER_PATHS = NO;
				CLANG_ANALYZER_NONNULL = YES;
				CLANG_ANALYZER_NUMBER_OBJECT_CONVERSION = YES_AGGRESSIVE;
				CLANG_CXX_LANGUAGE_STANDARD = "gnu++14";
				CLANG_CXX_LIBRARY = "libc++";
				CLANG_ENABLE_MODULES = YES;
				CLANG_ENABLE_OBJC_ARC = YES;
				CLANG_ENABLE_OBJC_WEAK = YES;
				CLANG_WARN_BLOCK_CAPTURE_AUTORELEASING = YES;
				CLANG_WARN_BOOL_CONVERSION = YES;
				CLANG_WARN_COMMA = YES;
				CLANG_WARN_CONSTANT_CONVERSION = YES;
				CLANG_WARN_DEPRECATED_OBJC_IMPLEMENTATIONS = YES;
				CLANG_WARN_DIRECT_OBJC_ISA_USAGE = YES_ERROR;
				CLANG_WARN_DOCUMENTATION_COMMENTS = YES;
				CLANG_WARN_EMPTY_BODY = YES;
				CLANG_WARN_ENUM_CONVERSION = YES;
				CLANG_WARN_INFINITE_RECURSION = YES;
				CLANG_WARN_INT_CONVERSION = YES;
				CLANG_WARN_NON_LITERAL_NULL_CONVERSION = YES;
				CLANG_WARN_OBJC_IMPLICIT_RETAIN_SELF = YES;
				CLANG_WARN_OBJC_LITERAL_CONVERSION = YES;
				CLANG_WARN_OBJC_ROOT_CLASS = YES_ERROR;
				CLANG_WARN_RANGE_LOOP_ANALYSIS = YES;
				CLANG_WARN_STRICT_PROTOTYPES = YES;
				CLANG_WARN_SUSPICIOUS_MOVE = YES;
				CLANG_WARN_UNGUARDED_AVAILABILITY = YES_AGGRESSIVE;
				CLANG_WARN_UNREACHABLE_CODE = YES;
				CLANG_WARN__DUPLICATE_METHOD_MATCH = YES;
				CODE_SIGN_IDENTITY = "iPhone Developer";
				COPY_PHASE_STRIP = NO;
				DEBUG_INFORMATION_FORMAT = dwarf;
				ENABLE_STRICT_OBJC_MSGSEND = YES;
				ENABLE_TESTABILITY = YES;
				GCC_C_LANGUAGE_STANDARD = gnu11;
				GCC_DYNAMIC_NO_PIC = NO;
				GCC_NO_COMMON_BLOCKS = YES;
				GCC_OPTIMIZATION_LEVEL = 0;
				GCC_PREPROCESSOR_DEFINITIONS = (
					"DEBUG=1",
					"$(inherited)",
				);
				GCC_WARN_64_TO_32_BIT_CONVERSION = YES;
				GCC_WARN_ABOUT_RETURN_TYPE = YES_ERROR;
				GCC_WARN_UNDECLARED_SELECTOR = YES;
				GCC_WARN_UNINITIALIZED_AUTOS = YES_AGGRESSIVE;
				GCC_WARN_UNUSED_FUNCTION = YES;
				GCC_WARN_UNUSED_VARIABLE = YES;
				IPHONEOS_DEPLOYMENT_TARGET = 11.4;
				MTL_ENABLE_DEBUG_INFO = YES;
				ONLY_ACTIVE_ARCH = YES;
				SDKROOT = iphoneos;
			};
			name = Debug;
		};
		899E218C20E68D8C004D891B /* Release */ = {
			isa = XCBuildConfiguration;
			buildSettings = {
				ALWAYS_SEARCH_USER_PATHS = NO;
				CLANG_ANALYZER_NONNULL = YES;
				CLANG_ANALYZER_NUMBER_OBJECT_CONVERSION = YES_AGGRESSIVE;
				CLANG_CXX_LANGUAGE_STANDARD = "gnu++14";
				CLANG_CXX_LIBRARY = "libc++";
				CLANG_ENABLE_MODULES = YES;
				CLANG_ENABLE_OBJC_ARC = YES;
				CLANG_ENABLE_OBJC_WEAK = YES;
				CLANG_WARN_BLOCK_CAPTURE_AUTORELEASING = YES;
				CLANG_WARN_BOOL_CONVERSION = YES;
				CLANG_WARN_COMMA = YES;
				CLANG_WARN_CONSTANT_CONVERSION = YES;
				CLANG_WARN_DEPRECATED_OBJC_IMPLEMENTATIONS = YES;
				CLANG_WARN_DIRECT_OBJC_ISA_USAGE = YES_ERROR;
				CLANG_WARN_DOCUMENTATION_COMMENTS = YES;
				CLANG_WARN_EMPTY_BODY = YES;
				CLANG_WARN_ENUM_CONVERSION = YES;
				CLANG_WARN_INFINITE_RECURSION = YES;
				CLANG_WARN_INT_CONVERSION = YES;
				CLANG_WARN_NON_LITERAL_NULL_CONVERSION = YES;
				CLANG_WARN_OBJC_IMPLICIT_RETAIN_SELF = YES;
				CLANG_WARN_OBJC_LITERAL_CONVERSION = YES;
				CLANG_WARN_OBJC_ROOT_CLASS = YES_ERROR;
				CLANG_WARN_RANGE_LOOP_ANALYSIS = YES;
				CLANG_WARN_STRICT_PROTOTYPES = YES;
				CLANG_WARN_SUSPICIOUS_MOVE = YES;
				CLANG_WARN_UNGUARDED_AVAILABILITY = YES_AGGRESSIVE;
				CLANG_WARN_UNREACHABLE_CODE = YES;
				CLANG_WARN__DUPLICATE_METHOD_MATCH = YES;
				CODE_SIGN_IDENTITY = "iPhone Developer";
				COPY_PHASE_STRIP = NO;
				DEBUG_INFORMATION_FORMAT = "dwarf-with-dsym";
				ENABLE_NS_ASSERTIONS = NO;
				ENABLE_STRICT_OBJC_MSGSEND = YES;
				GCC_C_LANGUAGE_STANDARD = gnu11;
				GCC_NO_COMMON_BLOCKS = YES;
				GCC_WARN_64_TO_32_BIT_CONVERSION = YES;
				GCC_WARN_ABOUT_RETURN_TYPE = YES_ERROR;
				GCC_WARN_UNDECLARED_SELECTOR = YES;
				GCC_WARN_UNINITIALIZED_AUTOS = YES_AGGRESSIVE;
				GCC_WARN_UNUSED_FUNCTION = YES;
				GCC_WARN_UNUSED_VARIABLE = YES;
				IPHONEOS_DEPLOYMENT_TARGET = 11.4;
				MTL_ENABLE_DEBUG_INFO = NO;
				SDKROOT = iphoneos;
				SWIFT_COMPILATION_MODE = wholemodule;
				VALIDATE_PRODUCT = YES;
			};
			name = Release;
		};
		899E218E20E68D8C004D891B /* Debug */ = {
			isa = XCBuildConfiguration;
			baseConfigurationReference = 8F66F2801638A68DF9CA576B /* Pods-Ubcoin.debug.xcconfig */;
			buildSettings = {
				ASSETCATALOG_COMPILER_APPICON_NAME = AppIcon;
				CLANG_ENABLE_MODULES = YES;
				CODE_SIGN_STYLE = Automatic;
				DEVELOPMENT_TEAM = SWEX2R635A;
				GCC_PREFIX_HEADER = "Ubcoin/SupportingFiles/Ubcoin-Prefix.pch";
				INFOPLIST_FILE = "$(SRCROOT)/Ubcoin/SupportingFiles/Info.plist";
				LD_RUNPATH_SEARCH_PATHS = (
					"$(inherited)",
					"@executable_path/Frameworks",
				);
				PRODUCT_BUNDLE_IDENTIFIER = com.ubcoin;
				PRODUCT_NAME = "$(TARGET_NAME)";
				SWIFT_OBJC_BRIDGING_HEADER = "Ubcoin/SupportingFiles/Ubcoin-Bridging-Header.h";
				SWIFT_OPTIMIZATION_LEVEL = "-Onone";
				SWIFT_VERSION = 4.0;
				TARGETED_DEVICE_FAMILY = 1;
			};
			name = Debug;
		};
		899E218F20E68D8C004D891B /* Release */ = {
			isa = XCBuildConfiguration;
			baseConfigurationReference = 8133FFCED3512BADEB40D574 /* Pods-Ubcoin.release.xcconfig */;
			buildSettings = {
				ASSETCATALOG_COMPILER_APPICON_NAME = AppIcon;
				CLANG_ENABLE_MODULES = YES;
				CODE_SIGN_STYLE = Automatic;
				DEVELOPMENT_TEAM = SWEX2R635A;
				GCC_PREFIX_HEADER = "Ubcoin/SupportingFiles/Ubcoin-Prefix.pch";
				INFOPLIST_FILE = "$(SRCROOT)/Ubcoin/SupportingFiles/Info.plist";
				LD_RUNPATH_SEARCH_PATHS = (
					"$(inherited)",
					"@executable_path/Frameworks",
				);
				PRODUCT_BUNDLE_IDENTIFIER = com.ubcoin;
				PRODUCT_NAME = "$(TARGET_NAME)";
				SWIFT_OBJC_BRIDGING_HEADER = "Ubcoin/SupportingFiles/Ubcoin-Bridging-Header.h";
				SWIFT_VERSION = 4.0;
				TARGETED_DEVICE_FAMILY = 1;
			};
			name = Release;
		};
/* End XCBuildConfiguration section */

/* Begin XCConfigurationList section */
		899E217220E68D8A004D891B /* Build configuration list for PBXProject "Ubcoin" */ = {
			isa = XCConfigurationList;
			buildConfigurations = (
				899E218B20E68D8C004D891B /* Debug */,
				899E218C20E68D8C004D891B /* Release */,
			);
			defaultConfigurationIsVisible = 0;
			defaultConfigurationName = Release;
		};
		899E218D20E68D8C004D891B /* Build configuration list for PBXNativeTarget "Ubcoin" */ = {
			isa = XCConfigurationList;
			buildConfigurations = (
				899E218E20E68D8C004D891B /* Debug */,
				899E218F20E68D8C004D891B /* Release */,
			);
			defaultConfigurationIsVisible = 0;
			defaultConfigurationName = Release;
		};
/* End XCConfigurationList section */
	};
	rootObject = 899E216F20E68D8A004D891B /* Project object */;
}
